// !$*UTF8*$!
{
	archiveVersion = 1;
	classes = {
	};
	objectVersion = 46;
	objects = {
/* Begin PBXBuildFile section */
		00C302E51ABCBA2D00DB3ED1 /* libRCTActionSheet.a in Frameworks */ = {isa = PBXBuildFile; fileRef = 00C302AC1ABCB8CE00DB3ED1 /* libRCTActionSheet.a */; };
		00C302E71ABCBA2D00DB3ED1 /* libRCTGeolocation.a in Frameworks */ = {isa = PBXBuildFile; fileRef = 00C302BA1ABCB90400DB3ED1 /* libRCTGeolocation.a */; };
		00C302E81ABCBA2D00DB3ED1 /* libRCTImage.a in Frameworks */ = {isa = PBXBuildFile; fileRef = 00C302C01ABCB91800DB3ED1 /* libRCTImage.a */; };
		00C302E91ABCBA2D00DB3ED1 /* libRCTNetwork.a in Frameworks */ = {isa = PBXBuildFile; fileRef = 00C302DC1ABCB9D200DB3ED1 /* libRCTNetwork.a */; };
		00C302EA1ABCBA2D00DB3ED1 /* libRCTVibration.a in Frameworks */ = {isa = PBXBuildFile; fileRef = 00C302E41ABCB9EE00DB3ED1 /* libRCTVibration.a */; };
		031262C3C55C47D1B877417C /* EvilIcons.ttf in Resources */ = {isa = PBXBuildFile; fileRef = 3BB9206F862240CF8E752036 /* EvilIcons.ttf */; };
		07F18EFCE1524B4C8CB30992 /* Octicons.ttf in Resources */ = {isa = PBXBuildFile; fileRef = 374E6A193EAB4075A4804B22 /* Octicons.ttf */; };
		08AEFBB1739844ABB51016C6 /* Octicons.ttf in Resources */ = {isa = PBXBuildFile; fileRef = 41B31C574B524BD2B5C863A4 /* Octicons.ttf */; };
		1285F809446F4678B4B1B46F /* MaterialCommunityIcons.ttf in Resources */ = {isa = PBXBuildFile; fileRef = 77F6240B9BF4464C8268D921 /* MaterialCommunityIcons.ttf */; };
		133E29F31AD74F7200F7D852 /* libRCTLinking.a in Frameworks */ = {isa = PBXBuildFile; fileRef = 78C398B91ACF4ADC00677621 /* libRCTLinking.a */; };
		139105C61AF99C1200B5F7CC /* libRCTSettings.a in Frameworks */ = {isa = PBXBuildFile; fileRef = 139105C11AF99BAD00B5F7CC /* libRCTSettings.a */; };
		139FDEF61B0652A700C62182 /* libRCTWebSocket.a in Frameworks */ = {isa = PBXBuildFile; fileRef = 139FDEF41B06529B00C62182 /* libRCTWebSocket.a */; };
		13B07FBC1A68108700A75B9A /* AppDelegate.m in Sources */ = {isa = PBXBuildFile; fileRef = 13B07FB01A68108700A75B9A /* AppDelegate.m */; };
		13B07FBD1A68108700A75B9A /* LaunchScreen.xib in Resources */ = {isa = PBXBuildFile; fileRef = 13B07FB11A68108700A75B9A /* LaunchScreen.xib */; };
		13B07FBF1A68108700A75B9A /* Images.xcassets in Resources */ = {isa = PBXBuildFile; fileRef = 13B07FB51A68108700A75B9A /* Images.xcassets */; };
		13B07FC11A68108700A75B9A /* main.m in Sources */ = {isa = PBXBuildFile; fileRef = 13B07FB71A68108700A75B9A /* main.m */; };
		146834051AC3E58100842450 /* libReact.a in Frameworks */ = {isa = PBXBuildFile; fileRef = 146834041AC3E56700842450 /* libReact.a */; };
		22DFDA50252C49AAB7C19E4F /* libInAppUtils.a in Frameworks */ = {isa = PBXBuildFile; fileRef = B91D75B4E6974C768A942FA5 /* libInAppUtils.a */; };
		2BBF6258243D4E94BBD1B3EE /* FontAwesome.ttf in Resources */ = {isa = PBXBuildFile; fileRef = 9C99464182CE40BFB959709F /* FontAwesome.ttf */; };
		3C0EEC8E2B6F460480FB503E /* SimpleLineIcons.ttf in Resources */ = {isa = PBXBuildFile; fileRef = D6A9F8CBAE9C4728BC67DE64 /* SimpleLineIcons.ttf */; };
		3C32C6D86A354D83979F288E /* libRNBlur.a in Frameworks */ = {isa = PBXBuildFile; fileRef = 094A2D25F6F1402C839DECDB /* libRNBlur.a */; };
		4F473583CFCF482FBD16E9E4 /* EvilIcons.ttf in Resources */ = {isa = PBXBuildFile; fileRef = ABB1D1F9966C4231AE3E3446 /* EvilIcons.ttf */; };
		5001A6B561F947C0A3C819D4 /* MaterialCommunityIcons.ttf in Resources */ = {isa = PBXBuildFile; fileRef = 82D9B6D0EF0B41569CA24932 /* MaterialCommunityIcons.ttf */; };
		591F7881A17A4DC4AA27C9F2 /* MaterialIcons.ttf in Resources */ = {isa = PBXBuildFile; fileRef = 25B71BEF1B0E4DD6BA2825CC /* MaterialIcons.ttf */; };
		5E9157361DD0AC6A00FF2AA8 /* libRCTAnimation.a in Frameworks */ = {isa = PBXBuildFile; fileRef = 5E9157331DD0AC6500FF2AA8 /* libRCTAnimation.a */; };
		6CECB8498FDB41A39A7DA798 /* Foundation.ttf in Resources */ = {isa = PBXBuildFile; fileRef = D2106C4D08044F4E9AFE7740 /* Foundation.ttf */; };
		728522524857418C8C4F9E54 /* libKCKeepAwake.a in Frameworks */ = {isa = PBXBuildFile; fileRef = D8A941297D984A41A68469AF /* libKCKeepAwake.a */; };
		76A876A852B3411D8C1F716B /* MaterialIcons.ttf in Resources */ = {isa = PBXBuildFile; fileRef = BD1621E2BF604F48AF654E3D /* MaterialIcons.ttf */; };
		79E249462B414B9C85DE87C2 /* libBVLinearGradient.a in Frameworks */ = {isa = PBXBuildFile; fileRef = 2FAE2D00DA814BF5A453A167 /* libBVLinearGradient.a */; };
		81C5D48E4A3E4783BE25BF79 /* Ionicons.ttf in Resources */ = {isa = PBXBuildFile; fileRef = EA20F3096B32446EAB5E5BC8 /* Ionicons.ttf */; };
		832341BD1AAA6AB300B99B32 /* libRCTText.a in Frameworks */ = {isa = PBXBuildFile; fileRef = 832341B51AAA6A8300B99B32 /* libRCTText.a */; };
		85A74042E6C64CACBCEC72E5 /* libRNDefaultPreference.a in Frameworks */ = {isa = PBXBuildFile; fileRef = 5D6AC8D1932546EB890C50CF /* libRNDefaultPreference.a */; };
		A533336AA49041BE913F4687 /* FontAwesome.ttf in Resources */ = {isa = PBXBuildFile; fileRef = 52649C0551234918AC8D3E1F /* FontAwesome.ttf */; };
		B2B67D5817C24C56811F63EF /* Zocial.ttf in Resources */ = {isa = PBXBuildFile; fileRef = 084F51CB73C542DE99DB77FA /* Zocial.ttf */; };
		B40BF782E98045D4A365EAF6 /* Foundation.ttf in Resources */ = {isa = PBXBuildFile; fileRef = 1424CC4AFE1F4BE8B785F567 /* Foundation.ttf */; };
		B86A12E83FDB4823AA139AE8 /* Entypo.ttf in Resources */ = {isa = PBXBuildFile; fileRef = 9621361BD7C8443383CA8AA5 /* Entypo.ttf */; };
		BAB896EA7EEC47B3AB76E194 /* libRNSound.a in Frameworks */ = {isa = PBXBuildFile; fileRef = 662E53F2D4C0407EA49C9193 /* libRNSound.a */; };
		C100CF9E1F74E76400B7D4CB /* libRCTVideo.a in Frameworks */ = {isa = PBXBuildFile; fileRef = C100CF9B1F74E74D00B7D4CB /* libRCTVideo.a */; };
		C120E7A21F5024BA0098ACFF /* icomoon.ttf in Resources */ = {isa = PBXBuildFile; fileRef = C120E7791F5024BA0098ACFF /* icomoon.ttf */; };
		C120E7A31F5024BA0098ACFF /* Righteous-Regular.ttf in Resources */ = {isa = PBXBuildFile; fileRef = C120E77A1F5024BA0098ACFF /* Righteous-Regular.ttf */; };
		C120E7A41F5024BA0098ACFF /* Roboto-Bold.ttf in Resources */ = {isa = PBXBuildFile; fileRef = C120E77B1F5024BA0098ACFF /* Roboto-Bold.ttf */; };
		C120E7A51F5024BA0098ACFF /* Roboto-Light.ttf in Resources */ = {isa = PBXBuildFile; fileRef = C120E77C1F5024BA0098ACFF /* Roboto-Light.ttf */; };
		C120E7A61F5024BA0098ACFF /* Roboto-Medium.ttf in Resources */ = {isa = PBXBuildFile; fileRef = C120E77D1F5024BA0098ACFF /* Roboto-Medium.ttf */; };
		C120E7A71F5024BA0098ACFF /* Roboto-Regular.ttf in Resources */ = {isa = PBXBuildFile; fileRef = C120E77E1F5024BA0098ACFF /* Roboto-Regular.ttf */; };
		C120E7A81F5024BA0098ACFF /* sendIcon.png in Resources */ = {isa = PBXBuildFile; fileRef = C120E7801F5024BA0098ACFF /* sendIcon.png */; };
		C120E7A91F5024BA0098ACFF /* sendIcon@2x.png in Resources */ = {isa = PBXBuildFile; fileRef = C120E7811F5024BA0098ACFF /* sendIcon@2x.png */; };
		C120E7AA1F5024BA0098ACFF /* sendIcon@3x.png in Resources */ = {isa = PBXBuildFile; fileRef = C120E7821F5024BA0098ACFF /* sendIcon@3x.png */; };
		C120E7AB1F5024BA0098ACFF /* icons.js in Resources */ = {isa = PBXBuildFile; fileRef = C120E7831F5024BA0098ACFF /* icons.js */; };
		C130EE891F4AA86E00F7DB38 /* VideoToolbox.framework in Frameworks */ = {isa = PBXBuildFile; fileRef = C130EE881F4AA86E00F7DB38 /* VideoToolbox.framework */; };
		C130EE8B1F4AA87200F7DB38 /* CoreVideo.framework in Frameworks */ = {isa = PBXBuildFile; fileRef = C130EE8A1F4AA87200F7DB38 /* CoreVideo.framework */; };
		C130EE8D1F4AA87700F7DB38 /* CoreAudio.framework in Frameworks */ = {isa = PBXBuildFile; fileRef = C130EE8C1F4AA87700F7DB38 /* CoreAudio.framework */; };
		C130EE8F1F4AA87D00F7DB38 /* GLKit.framework in Frameworks */ = {isa = PBXBuildFile; fileRef = C130EE8E1F4AA87D00F7DB38 /* GLKit.framework */; };
		C130EE911F4AA88200F7DB38 /* CoreGraphics.framework in Frameworks */ = {isa = PBXBuildFile; fileRef = C130EE901F4AA88200F7DB38 /* CoreGraphics.framework */; };
		C130EE931F4AA88600F7DB38 /* AudioToolbox.framework in Frameworks */ = {isa = PBXBuildFile; fileRef = C130EE921F4AA88600F7DB38 /* AudioToolbox.framework */; };
		C130EE951F4AA88900F7DB38 /* AVFoundation.framework in Frameworks */ = {isa = PBXBuildFile; fileRef = C130EE941F4AA88900F7DB38 /* AVFoundation.framework */; };
		C130EE971F4AA88D00F7DB38 /* libstdc++.tbd in Frameworks */ = {isa = PBXBuildFile; fileRef = C130EE961F4AA88D00F7DB38 /* libstdc++.tbd */; };
		C130EE991F4AA89100F7DB38 /* libsqlite3.tbd in Frameworks */ = {isa = PBXBuildFile; fileRef = C130EE981F4AA89100F7DB38 /* libsqlite3.tbd */; };
		C130EE9B1F4AA89400F7DB38 /* libc.tbd in Frameworks */ = {isa = PBXBuildFile; fileRef = C130EE9A1F4AA89400F7DB38 /* libc.tbd */; };
		C130EE9F1F4AAA7100F7DB38 /* WebRTC.framework in Frameworks */ = {isa = PBXBuildFile; fileRef = C130EE9E1F4AAA7100F7DB38 /* WebRTC.framework */; };
		C130EEA01F4AAB6B00F7DB38 /* WebRTC.framework in Embed Frameworks */ = {isa = PBXBuildFile; fileRef = C130EE9E1F4AAA7100F7DB38 /* WebRTC.framework */; settings = {ATTRIBUTES = (CodeSignOnCopy, RemoveHeadersOnCopy, ); }; };
		C1445C9F1F499105005D492F /* libRNVectorIcons.a in Frameworks */ = {isa = PBXBuildFile; fileRef = C1445C3F1F498D60005D492F /* libRNVectorIcons.a */; };
		C1445CA31F49911C005D492F /* libReactNativeLocalization.a in Frameworks */ = {isa = PBXBuildFile; fileRef = C1445C9D1F498EBD005D492F /* libReactNativeLocalization.a */; };
		C1A64DB71F54055D00724B3E /* ImageA.png in Resources */ = {isa = PBXBuildFile; fileRef = C1A64DB61F54055D00724B3E /* ImageA.png */; };
		C1C541651F6CD4D7004C5FF7 /* VideoSubscriberAccount.framework in Frameworks */ = {isa = PBXBuildFile; fileRef = C1C541641F6CD4D7004C5FF7 /* VideoSubscriberAccount.framework */; };
		C1D9FA5E1F4AAF4500471F5B /* libRCTWebRTC.a in Frameworks */ = {isa = PBXBuildFile; fileRef = C130EE601F4AA67D00F7DB38 /* libRCTWebRTC.a */; };
		DE8D352B60C24A36B18CC7A1 /* SimpleLineIcons.ttf in Resources */ = {isa = PBXBuildFile; fileRef = EDDB2550D8484285BD398F77 /* SimpleLineIcons.ttf */; };
		E2F065CFFC5240B399B72611 /* Zocial.ttf in Resources */ = {isa = PBXBuildFile; fileRef = DA479B7E2F1A46CF8821280F /* Zocial.ttf */; };
		F049A825698F45788D0EA43C /* Ionicons.ttf in Resources */ = {isa = PBXBuildFile; fileRef = E264BF86E09C43999D47C6C9 /* Ionicons.ttf */; };
		F1BFF638FE9F41B9B2DEE30A /* Entypo.ttf in Resources */ = {isa = PBXBuildFile; fileRef = 9A766F9911FC47688DBDC17B /* Entypo.ttf */; };
/* End PBXBuildFile section */

/* Begin PBXContainerItemProxy section */
		00C302AB1ABCB8CE00DB3ED1 /* PBXContainerItemProxy */ = {
			isa = PBXContainerItemProxy;
			containerPortal = 00C302A71ABCB8CE00DB3ED1 /* RCTActionSheet.xcodeproj */;
			proxyType = 2;
			remoteGlobalIDString = 134814201AA4EA6300B7C361;
			remoteInfo = RCTActionSheet;
		};
		00C302B91ABCB90400DB3ED1 /* PBXContainerItemProxy */ = {
			isa = PBXContainerItemProxy;
			containerPortal = 00C302B51ABCB90400DB3ED1 /* RCTGeolocation.xcodeproj */;
			proxyType = 2;
			remoteGlobalIDString = 134814201AA4EA6300B7C361;
			remoteInfo = RCTGeolocation;
		};
		00C302BF1ABCB91800DB3ED1 /* PBXContainerItemProxy */ = {
			isa = PBXContainerItemProxy;
			containerPortal = 00C302BB1ABCB91800DB3ED1 /* RCTImage.xcodeproj */;
			proxyType = 2;
			remoteGlobalIDString = 58B5115D1A9E6B3D00147676;
			remoteInfo = RCTImage;
		};
		00C302DB1ABCB9D200DB3ED1 /* PBXContainerItemProxy */ = {
			isa = PBXContainerItemProxy;
			containerPortal = 00C302D31ABCB9D200DB3ED1 /* RCTNetwork.xcodeproj */;
			proxyType = 2;
			remoteGlobalIDString = 58B511DB1A9E6C8500147676;
			remoteInfo = RCTNetwork;
		};
		00C302E31ABCB9EE00DB3ED1 /* PBXContainerItemProxy */ = {
			isa = PBXContainerItemProxy;
			containerPortal = 00C302DF1ABCB9EE00DB3ED1 /* RCTVibration.xcodeproj */;
			proxyType = 2;
			remoteGlobalIDString = 832C81801AAF6DEF007FA2F7;
			remoteInfo = RCTVibration;
		};
		139105C01AF99BAD00B5F7CC /* PBXContainerItemProxy */ = {
			isa = PBXContainerItemProxy;
			containerPortal = 139105B61AF99BAD00B5F7CC /* RCTSettings.xcodeproj */;
			proxyType = 2;
			remoteGlobalIDString = 134814201AA4EA6300B7C361;
			remoteInfo = RCTSettings;
		};
		139FDEF31B06529B00C62182 /* PBXContainerItemProxy */ = {
			isa = PBXContainerItemProxy;
			containerPortal = 139FDEE61B06529A00C62182 /* RCTWebSocket.xcodeproj */;
			proxyType = 2;
			remoteGlobalIDString = 3C86DF461ADF2C930047B81A;
			remoteInfo = RCTWebSocket;
		};
		146834031AC3E56700842450 /* PBXContainerItemProxy */ = {
			isa = PBXContainerItemProxy;
			containerPortal = 146833FF1AC3E56700842450 /* React.xcodeproj */;
			proxyType = 2;
			remoteGlobalIDString = 83CBBA2E1A601D0E00E9B192;
			remoteInfo = React;
		};
		3DAD3EA41DF850E9000B6D8A /* PBXContainerItemProxy */ = {
			isa = PBXContainerItemProxy;
			containerPortal = 146833FF1AC3E56700842450 /* React.xcodeproj */;
			proxyType = 2;
			remoteGlobalIDString = 3D3C059A1DE3340900C268FA;
			remoteInfo = yoga;
		};
		3DAD3EA81DF850E9000B6D8A /* PBXContainerItemProxy */ = {
			isa = PBXContainerItemProxy;
			containerPortal = 146833FF1AC3E56700842450 /* React.xcodeproj */;
			proxyType = 2;
			remoteGlobalIDString = 3D3CD9251DE5FBEC00167DC4;
			remoteInfo = cxxreact;
		};
		3DAD3EAC1DF850E9000B6D8A /* PBXContainerItemProxy */ = {
			isa = PBXContainerItemProxy;
			containerPortal = 146833FF1AC3E56700842450 /* React.xcodeproj */;
			proxyType = 2;
			remoteGlobalIDString = 3D3CD90B1DE5FBD600167DC4;
			remoteInfo = jschelpers;
		};
		5E9157321DD0AC6500FF2AA8 /* PBXContainerItemProxy */ = {
			isa = PBXContainerItemProxy;
			containerPortal = 5E91572D1DD0AC6500FF2AA8 /* RCTAnimation.xcodeproj */;
			proxyType = 2;
			remoteGlobalIDString = 134814201AA4EA6300B7C361;
			remoteInfo = RCTAnimation;
		};
		78C398B81ACF4ADC00677621 /* PBXContainerItemProxy */ = {
			isa = PBXContainerItemProxy;
			containerPortal = 78C398B01ACF4ADC00677621 /* RCTLinking.xcodeproj */;
			proxyType = 2;
			remoteGlobalIDString = 134814201AA4EA6300B7C361;
			remoteInfo = RCTLinking;
		};
		832341B41AAA6A8300B99B32 /* PBXContainerItemProxy */ = {
			isa = PBXContainerItemProxy;
			containerPortal = 832341B01AAA6A8300B99B32 /* RCTText.xcodeproj */;
			proxyType = 2;
			remoteGlobalIDString = 58B5119B1A9E6C1200147676;
			remoteInfo = RCTText;
		};
		C100CF9A1F74E74D00B7D4CB /* PBXContainerItemProxy */ = {
			isa = PBXContainerItemProxy;
			containerPortal = C100CF951F74E74C00B7D4CB /* RCTVideo.xcodeproj */;
			proxyType = 2;
			remoteGlobalIDString = 134814201AA4EA6300B7C361;
			remoteInfo = RCTVideo;
		};
		C100CF9C1F74E74D00B7D4CB /* PBXContainerItemProxy */ = {
			isa = PBXContainerItemProxy;
			containerPortal = C100CF951F74E74C00B7D4CB /* RCTVideo.xcodeproj */;
			proxyType = 2;
			remoteGlobalIDString = 641E28441F0EEC8500443AF6;
			remoteInfo = "RCTVideo-tvOS";
		};
		C10425AF1F4DA0B200F7CF0E /* PBXContainerItemProxy */ = {
			isa = PBXContainerItemProxy;
			containerPortal = 5E91572D1DD0AC6500FF2AA8 /* RCTAnimation.xcodeproj */;
			proxyType = 2;
			remoteGlobalIDString = 2D2A28201D9B03D100D4039D;
			remoteInfo = "RCTAnimation-tvOS";
		};
		C10425B41F4DA0B200F7CF0E /* PBXContainerItemProxy */ = {
			isa = PBXContainerItemProxy;
			containerPortal = 00C302BB1ABCB91800DB3ED1 /* RCTImage.xcodeproj */;
			proxyType = 2;
			remoteGlobalIDString = 2D2A283A1D9B042B00D4039D;
			remoteInfo = "RCTImage-tvOS";
		};
		C10425B81F4DA0B200F7CF0E /* PBXContainerItemProxy */ = {
			isa = PBXContainerItemProxy;
			containerPortal = 78C398B01ACF4ADC00677621 /* RCTLinking.xcodeproj */;
			proxyType = 2;
			remoteGlobalIDString = 2D2A28471D9B043800D4039D;
			remoteInfo = "RCTLinking-tvOS";
		};
		C10425BC1F4DA0B200F7CF0E /* PBXContainerItemProxy */ = {
			isa = PBXContainerItemProxy;
			containerPortal = 00C302D31ABCB9D200DB3ED1 /* RCTNetwork.xcodeproj */;
			proxyType = 2;
			remoteGlobalIDString = 2D2A28541D9B044C00D4039D;
			remoteInfo = "RCTNetwork-tvOS";
		};
		C10425C01F4DA0B200F7CF0E /* PBXContainerItemProxy */ = {
			isa = PBXContainerItemProxy;
			containerPortal = 139105B61AF99BAD00B5F7CC /* RCTSettings.xcodeproj */;
			proxyType = 2;
			remoteGlobalIDString = 2D2A28611D9B046600D4039D;
			remoteInfo = "RCTSettings-tvOS";
		};
		C10425C41F4DA0B200F7CF0E /* PBXContainerItemProxy */ = {
			isa = PBXContainerItemProxy;
			containerPortal = 832341B01AAA6A8300B99B32 /* RCTText.xcodeproj */;
			proxyType = 2;
			remoteGlobalIDString = 2D2A287B1D9B048500D4039D;
			remoteInfo = "RCTText-tvOS";
		};
		C10425CA1F4DA0B200F7CF0E /* PBXContainerItemProxy */ = {
			isa = PBXContainerItemProxy;
			containerPortal = 139FDEE61B06529A00C62182 /* RCTWebSocket.xcodeproj */;
			proxyType = 2;
			remoteGlobalIDString = 2D2A28881D9B049200D4039D;
			remoteInfo = "RCTWebSocket-tvOS";
		};
		C10425D81F4DA0B200F7CF0E /* PBXContainerItemProxy */ = {
			isa = PBXContainerItemProxy;
			containerPortal = 146833FF1AC3E56700842450 /* React.xcodeproj */;
			proxyType = 2;
			remoteGlobalIDString = 2D2A28131D9B038B00D4039D;
			remoteInfo = "React-tvOS";
		};
		C10425DA1F4DA0B200F7CF0E /* PBXContainerItemProxy */ = {
			isa = PBXContainerItemProxy;
			containerPortal = 146833FF1AC3E56700842450 /* React.xcodeproj */;
			proxyType = 2;
			remoteGlobalIDString = 3D3C06751DE3340C00C268FA;
			remoteInfo = "yoga-tvOS";
		};
		C10425DC1F4DA0B200F7CF0E /* PBXContainerItemProxy */ = {
			isa = PBXContainerItemProxy;
			containerPortal = 146833FF1AC3E56700842450 /* React.xcodeproj */;
			proxyType = 2;
			remoteGlobalIDString = 3D3CD9321DE5FBEE00167DC4;
			remoteInfo = "cxxreact-tvOS";
		};
		C10425DE1F4DA0B200F7CF0E /* PBXContainerItemProxy */ = {
			isa = PBXContainerItemProxy;
			containerPortal = 146833FF1AC3E56700842450 /* React.xcodeproj */;
			proxyType = 2;
			remoteGlobalIDString = 3D3CD9181DE5FBD800167DC4;
			remoteInfo = "jschelpers-tvOS";
		};
		C10425E01F4DA0B200F7CF0E /* PBXContainerItemProxy */ = {
			isa = PBXContainerItemProxy;
			containerPortal = 146833FF1AC3E56700842450 /* React.xcodeproj */;
			proxyType = 2;
			remoteGlobalIDString = 3D383D3C1EBD27B6005632C8;
			remoteInfo = "third-party-tvOS";
		};
		C10425E21F4DA0B200F7CF0E /* PBXContainerItemProxy */ = {
			isa = PBXContainerItemProxy;
			containerPortal = 146833FF1AC3E56700842450 /* React.xcodeproj */;
			proxyType = 2;
			remoteGlobalIDString = 3D383D621EBD27B9005632C8;
			remoteInfo = "double-conversion-tvOS";
		};
		C109172F1F551908009D662D /* PBXContainerItemProxy */ = {
			isa = PBXContainerItemProxy;
			containerPortal = E435B2BD26E949188DF9F4BE /* BVLinearGradient.xcodeproj */;
			proxyType = 2;
			remoteGlobalIDString = 134814201AA4EA6300B7C361;
			remoteInfo = BVLinearGradient;
		};
		C10917311F551908009D662D /* PBXContainerItemProxy */ = {
			isa = PBXContainerItemProxy;
			containerPortal = E435B2BD26E949188DF9F4BE /* BVLinearGradient.xcodeproj */;
			proxyType = 2;
			remoteGlobalIDString = 64AA15081EF7F30100718508;
			remoteInfo = "BVLinearGradient-tvOS";
		};
		C130EE5F1F4AA67D00F7DB38 /* PBXContainerItemProxy */ = {
			isa = PBXContainerItemProxy;
			containerPortal = C130EE5B1F4AA67D00F7DB38 /* RCTWebRTC.xcodeproj */;
			proxyType = 2;
			remoteGlobalIDString = 35A2221F1CB493700015FD5C;
			remoteInfo = RCTWebRTC;
		};
		C1422F961F7B80970064A506 /* PBXContainerItemProxy */ = {
			isa = PBXContainerItemProxy;
			containerPortal = 9596DA31932443D1B74C8B41 /* InAppUtils.xcodeproj */;
			proxyType = 2;
			remoteGlobalIDString = 46E694321B289730000B634E;
			remoteInfo = InAppUtils;
		};
		C1422F981F7B80970064A506 /* PBXContainerItemProxy */ = {
			isa = PBXContainerItemProxy;
			containerPortal = 9596DA31932443D1B74C8B41 /* InAppUtils.xcodeproj */;
			proxyType = 2;
			remoteGlobalIDString = 46E6943D1B289730000B634E;
			remoteInfo = InAppUtilsTests;
		};
		C1445C351F498D60005D492F /* PBXContainerItemProxy */ = {
			isa = PBXContainerItemProxy;
			containerPortal = 146833FF1AC3E56700842450 /* React.xcodeproj */;
			proxyType = 2;
			remoteGlobalIDString = 139D7ECE1E25DB7D00323FB7;
			remoteInfo = "third-party";
		};
		C1445C391F498D60005D492F /* PBXContainerItemProxy */ = {
			isa = PBXContainerItemProxy;
			containerPortal = 146833FF1AC3E56700842450 /* React.xcodeproj */;
			proxyType = 2;
			remoteGlobalIDString = 139D7E881E25C6D100323FB7;
			remoteInfo = "double-conversion";
		};
		C1445C3E1F498D60005D492F /* PBXContainerItemProxy */ = {
			isa = PBXContainerItemProxy;
			containerPortal = A494A9FC845F4D64AA11429A /* RNVectorIcons.xcodeproj */;
			proxyType = 2;
			remoteGlobalIDString = 5DBEB1501B18CEA900B34395;
			remoteInfo = RNVectorIcons;
		};
		C1445C9C1F498EBD005D492F /* PBXContainerItemProxy */ = {
			isa = PBXContainerItemProxy;
			containerPortal = 0C1C7D6D0CEA438AAE9E6199 /* ReactNativeLocalization.xcodeproj */;
			proxyType = 2;
			remoteGlobalIDString = 7B5D9D0A1B6AD0EA00CF3A83;
			remoteInfo = ReactNativeLocalization;
		};
		C17B9B601F5EA76B00909346 /* PBXContainerItemProxy */ = {
			isa = PBXContainerItemProxy;
			containerPortal = 0F3B51689F0E4A2AA639839B /* RNBlur.xcodeproj */;
			proxyType = 2;
			remoteGlobalIDString = A68BD7BC1BC31318005F02DF;
			remoteInfo = RNBlur;
		};
		C17B9B621F5EA76B00909346 /* PBXContainerItemProxy */ = {
			isa = PBXContainerItemProxy;
			containerPortal = 0F3B51689F0E4A2AA639839B /* RNBlur.xcodeproj */;
			proxyType = 2;
			remoteGlobalIDString = 64D1BD361EEFE88700F3F219;
			remoteInfo = "RNBlur-tvOS";
		};
		C1A4F9261F6779E200E95E13 /* PBXContainerItemProxy */ = {
			isa = PBXContainerItemProxy;
			containerPortal = C710C7B2B89E4FF88B920C85 /* RNSound.xcodeproj */;
			proxyType = 2;
			remoteGlobalIDString = 19825A1E1BD4A89800EE0337;
			remoteInfo = RNSound;
		};
		C1A4F9401F67E81200E95E13 /* PBXContainerItemProxy */ = {
			isa = PBXContainerItemProxy;
			containerPortal = 73DBC1FA5FC54248A131C4E5 /* KCKeepAwake.xcodeproj */;
			proxyType = 2;
			remoteGlobalIDString = 134814201AA4EA6300B7C361;
			remoteInfo = KCKeepAwake;
		};
		C1A64DE81F541D4200724B3E /* PBXContainerItemProxy */ = {
			isa = PBXContainerItemProxy;
			containerPortal = 76ED14A510A04D83AC7E5042 /* RNDefaultPreference.xcodeproj */;
			proxyType = 2;
			remoteGlobalIDString = 134814201AA4EA6300B7C361;
			remoteInfo = RNDefaultPreference;
		};
/* End PBXContainerItemProxy section */

/* Begin PBXCopyFilesBuildPhase section */
		C130EE871F4AA80C00F7DB38 /* Embed Frameworks */ = {
			isa = PBXCopyFilesBuildPhase;
			buildActionMask = 2147483647;
			dstPath = "";
			dstSubfolderSpec = 10;
			files = (
				C130EEA01F4AAB6B00F7DB38 /* WebRTC.framework in Embed Frameworks */,
			);
			name = "Embed Frameworks";
			runOnlyForDeploymentPostprocessing = 0;
		};
/* End PBXCopyFilesBuildPhase section */

/* Begin PBXFileReference section */
		008F07F21AC5B25A0029DE68 /* main.jsbundle */ = {isa = PBXFileReference; fileEncoding = 4; lastKnownFileType = text; path = main.jsbundle; sourceTree = "<group>"; };
		00C302A71ABCB8CE00DB3ED1 /* RCTActionSheet.xcodeproj */ = {isa = PBXFileReference; lastKnownFileType = "wrapper.pb-project"; name = RCTActionSheet.xcodeproj; path = "../node_modules/react-native/Libraries/ActionSheetIOS/RCTActionSheet.xcodeproj"; sourceTree = "<group>"; };
		00C302B51ABCB90400DB3ED1 /* RCTGeolocation.xcodeproj */ = {isa = PBXFileReference; lastKnownFileType = "wrapper.pb-project"; name = RCTGeolocation.xcodeproj; path = "../node_modules/react-native/Libraries/Geolocation/RCTGeolocation.xcodeproj"; sourceTree = "<group>"; };
		00C302BB1ABCB91800DB3ED1 /* RCTImage.xcodeproj */ = {isa = PBXFileReference; lastKnownFileType = "wrapper.pb-project"; name = RCTImage.xcodeproj; path = "../node_modules/react-native/Libraries/Image/RCTImage.xcodeproj"; sourceTree = "<group>"; };
		00C302D31ABCB9D200DB3ED1 /* RCTNetwork.xcodeproj */ = {isa = PBXFileReference; lastKnownFileType = "wrapper.pb-project"; name = RCTNetwork.xcodeproj; path = "../node_modules/react-native/Libraries/Network/RCTNetwork.xcodeproj"; sourceTree = "<group>"; };
		00C302DF1ABCB9EE00DB3ED1 /* RCTVibration.xcodeproj */ = {isa = PBXFileReference; lastKnownFileType = "wrapper.pb-project"; name = RCTVibration.xcodeproj; path = "../node_modules/react-native/Libraries/Vibration/RCTVibration.xcodeproj"; sourceTree = "<group>"; };
		084F51CB73C542DE99DB77FA /* Zocial.ttf */ = {isa = PBXFileReference; explicitFileType = undefined; fileEncoding = 9; includeInIndex = 0; lastKnownFileType = unknown; name = Zocial.ttf; path = "../node_modules/react-native-vector-icons/Fonts/Zocial.ttf"; sourceTree = "<group>"; };
		094A2D25F6F1402C839DECDB /* libRNBlur.a */ = {isa = PBXFileReference; explicitFileType = undefined; fileEncoding = 9; includeInIndex = 0; lastKnownFileType = archive.ar; path = libRNBlur.a; sourceTree = "<group>"; };
		09A01CB8518747179FB970D2 /* libRNKeyboardEvents.a */ = {isa = PBXFileReference; explicitFileType = undefined; fileEncoding = 9; includeInIndex = 0; lastKnownFileType = archive.ar; path = libRNKeyboardEvents.a; sourceTree = "<group>"; };
		0C1C7D6D0CEA438AAE9E6199 /* ReactNativeLocalization.xcodeproj */ = {isa = PBXFileReference; explicitFileType = undefined; fileEncoding = 9; includeInIndex = 0; lastKnownFileType = "wrapper.pb-project"; name = ReactNativeLocalization.xcodeproj; path = "../node_modules/react-native-localization/ReactNativeLocalization.xcodeproj"; sourceTree = "<group>"; };
		0F3B51689F0E4A2AA639839B /* RNBlur.xcodeproj */ = {isa = PBXFileReference; explicitFileType = undefined; fileEncoding = 9; includeInIndex = 0; lastKnownFileType = "wrapper.pb-project"; name = RNBlur.xcodeproj; path = "../node_modules/react-native-blur/ios/RNBlur.xcodeproj"; sourceTree = "<group>"; };
		132000DAB0B34B66BDDDE7D6 /* Roboto-Regular.ttf */ = {isa = PBXFileReference; explicitFileType = undefined; fileEncoding = 9; includeInIndex = 0; lastKnownFileType = unknown; name = "Roboto-Regular.ttf"; path = "../app/assets/fonts/Roboto-Regular.ttf"; sourceTree = "<group>"; };
		139105B61AF99BAD00B5F7CC /* RCTSettings.xcodeproj */ = {isa = PBXFileReference; lastKnownFileType = "wrapper.pb-project"; name = RCTSettings.xcodeproj; path = "../node_modules/react-native/Libraries/Settings/RCTSettings.xcodeproj"; sourceTree = "<group>"; };
		139FDEE61B06529A00C62182 /* RCTWebSocket.xcodeproj */ = {isa = PBXFileReference; lastKnownFileType = "wrapper.pb-project"; name = RCTWebSocket.xcodeproj; path = "../node_modules/react-native/Libraries/WebSocket/RCTWebSocket.xcodeproj"; sourceTree = "<group>"; };
		13B07F961A680F5B00A75B9A /* SponBtv.app */ = {isa = PBXFileReference; explicitFileType = wrapper.application; includeInIndex = 0; path = SponBtv.app; sourceTree = BUILT_PRODUCTS_DIR; };
		13B07FAF1A68108700A75B9A /* AppDelegate.h */ = {isa = PBXFileReference; fileEncoding = 4; lastKnownFileType = sourcecode.c.h; name = AppDelegate.h; path = SponBtv/AppDelegate.h; sourceTree = "<group>"; };
		13B07FB01A68108700A75B9A /* AppDelegate.m */ = {isa = PBXFileReference; fileEncoding = 4; lastKnownFileType = sourcecode.c.objc; name = AppDelegate.m; path = SponBtv/AppDelegate.m; sourceTree = "<group>"; };
		13B07FB21A68108700A75B9A /* Base */ = {isa = PBXFileReference; lastKnownFileType = file.xib; name = Base; path = Base.lproj/LaunchScreen.xib; sourceTree = "<group>"; };
		13B07FB51A68108700A75B9A /* Images.xcassets */ = {isa = PBXFileReference; lastKnownFileType = folder.assetcatalog; name = Images.xcassets; path = SponBtv/Images.xcassets; sourceTree = "<group>"; };
		13B07FB61A68108700A75B9A /* Info.plist */ = {isa = PBXFileReference; fileEncoding = 4; lastKnownFileType = text.plist.xml; name = Info.plist; path = SponBtv/Info.plist; sourceTree = "<group>"; };
		13B07FB71A68108700A75B9A /* main.m */ = {isa = PBXFileReference; fileEncoding = 4; lastKnownFileType = sourcecode.c.objc; name = main.m; path = SponBtv/main.m; sourceTree = "<group>"; };
		1424CC4AFE1F4BE8B785F567 /* Foundation.ttf */ = {isa = PBXFileReference; explicitFileType = undefined; fileEncoding = 9; includeInIndex = 0; lastKnownFileType = unknown; name = Foundation.ttf; path = "../node_modules/react-native-vector-icons/Fonts/Foundation.ttf"; sourceTree = "<group>"; };
		146833FF1AC3E56700842450 /* React.xcodeproj */ = {isa = PBXFileReference; lastKnownFileType = "wrapper.pb-project"; name = React.xcodeproj; path = "../node_modules/react-native/React/React.xcodeproj"; sourceTree = "<group>"; };
		25B71BEF1B0E4DD6BA2825CC /* MaterialIcons.ttf */ = {isa = PBXFileReference; explicitFileType = undefined; fileEncoding = 9; includeInIndex = 0; lastKnownFileType = unknown; name = MaterialIcons.ttf; path = "../node_modules/react-native-vector-icons/Fonts/MaterialIcons.ttf"; sourceTree = "<group>"; };
		2FAE2D00DA814BF5A453A167 /* libBVLinearGradient.a */ = {isa = PBXFileReference; explicitFileType = undefined; fileEncoding = 9; includeInIndex = 0; lastKnownFileType = archive.ar; path = libBVLinearGradient.a; sourceTree = "<group>"; };
		374E6A193EAB4075A4804B22 /* Octicons.ttf */ = {isa = PBXFileReference; explicitFileType = undefined; fileEncoding = 9; includeInIndex = 0; lastKnownFileType = unknown; name = Octicons.ttf; path = "../node_modules/react-native-vector-icons/Fonts/Octicons.ttf"; sourceTree = "<group>"; };
		3BB9206F862240CF8E752036 /* EvilIcons.ttf */ = {isa = PBXFileReference; explicitFileType = undefined; fileEncoding = 9; includeInIndex = 0; lastKnownFileType = unknown; name = EvilIcons.ttf; path = "../node_modules/react-native-vector-icons/Fonts/EvilIcons.ttf"; sourceTree = "<group>"; };
		41B31C574B524BD2B5C863A4 /* Octicons.ttf */ = {isa = PBXFileReference; explicitFileType = undefined; fileEncoding = 9; includeInIndex = 0; lastKnownFileType = unknown; name = Octicons.ttf; path = ../app/assets/fonts/Octicons.ttf; sourceTree = "<group>"; };
		46C532071EEB441EA36D87DD /* Roboto-Light.ttf */ = {isa = PBXFileReference; explicitFileType = undefined; fileEncoding = 9; includeInIndex = 0; lastKnownFileType = unknown; name = "Roboto-Light.ttf"; path = "../app/assets/fonts/Roboto-Light.ttf"; sourceTree = "<group>"; };
		4A917CE1E2ABB8C012A67472 /* Pods-SponBtv.release.xcconfig */ = {isa = PBXFileReference; includeInIndex = 1; lastKnownFileType = text.xcconfig; name = "Pods-SponBtv.release.xcconfig"; path = "Pods/Target Support Files/Pods-SponBtv/Pods-SponBtv.release.xcconfig"; sourceTree = "<group>"; };
		52649C0551234918AC8D3E1F /* FontAwesome.ttf */ = {isa = PBXFileReference; explicitFileType = undefined; fileEncoding = 9; includeInIndex = 0; lastKnownFileType = unknown; name = FontAwesome.ttf; path = "../node_modules/react-native-vector-icons/Fonts/FontAwesome.ttf"; sourceTree = "<group>"; };
		58083C6D12D640CBB92D04B5 /* libRCTVideo.a */ = {isa = PBXFileReference; explicitFileType = undefined; fileEncoding = 9; includeInIndex = 0; lastKnownFileType = archive.ar; path = libRCTVideo.a; sourceTree = "<group>"; };
		5D6AC8D1932546EB890C50CF /* libRNDefaultPreference.a */ = {isa = PBXFileReference; explicitFileType = undefined; fileEncoding = 9; includeInIndex = 0; lastKnownFileType = archive.ar; path = libRNDefaultPreference.a; sourceTree = "<group>"; };
		5E91572D1DD0AC6500FF2AA8 /* RCTAnimation.xcodeproj */ = {isa = PBXFileReference; lastKnownFileType = "wrapper.pb-project"; name = RCTAnimation.xcodeproj; path = "../node_modules/react-native/Libraries/NativeAnimation/RCTAnimation.xcodeproj"; sourceTree = "<group>"; };
		662E53F2D4C0407EA49C9193 /* libRNSound.a */ = {isa = PBXFileReference; explicitFileType = undefined; fileEncoding = 9; includeInIndex = 0; lastKnownFileType = archive.ar; path = libRNSound.a; sourceTree = "<group>"; };
		73DBC1FA5FC54248A131C4E5 /* KCKeepAwake.xcodeproj */ = {isa = PBXFileReference; explicitFileType = undefined; fileEncoding = 9; includeInIndex = 0; lastKnownFileType = "wrapper.pb-project"; name = KCKeepAwake.xcodeproj; path = "../node_modules/react-native-keep-awake/ios/KCKeepAwake.xcodeproj"; sourceTree = "<group>"; };
		76ED14A510A04D83AC7E5042 /* RNDefaultPreference.xcodeproj */ = {isa = PBXFileReference; explicitFileType = undefined; fileEncoding = 9; includeInIndex = 0; lastKnownFileType = "wrapper.pb-project"; name = RNDefaultPreference.xcodeproj; path = "../node_modules/react-native-default-preference/ios/RNDefaultPreference.xcodeproj"; sourceTree = "<group>"; };
		77F6240B9BF4464C8268D921 /* MaterialCommunityIcons.ttf */ = {isa = PBXFileReference; explicitFileType = undefined; fileEncoding = 9; includeInIndex = 0; lastKnownFileType = unknown; name = MaterialCommunityIcons.ttf; path = "../node_modules/react-native-vector-icons/Fonts/MaterialCommunityIcons.ttf"; sourceTree = "<group>"; };
		78C398B01ACF4ADC00677621 /* RCTLinking.xcodeproj */ = {isa = PBXFileReference; lastKnownFileType = "wrapper.pb-project"; name = RCTLinking.xcodeproj; path = "../node_modules/react-native/Libraries/LinkingIOS/RCTLinking.xcodeproj"; sourceTree = "<group>"; };
		82D9B6D0EF0B41569CA24932 /* MaterialCommunityIcons.ttf */ = {isa = PBXFileReference; explicitFileType = undefined; fileEncoding = 9; includeInIndex = 0; lastKnownFileType = unknown; name = MaterialCommunityIcons.ttf; path = ../app/assets/fonts/MaterialCommunityIcons.ttf; sourceTree = "<group>"; };
		832341B01AAA6A8300B99B32 /* RCTText.xcodeproj */ = {isa = PBXFileReference; lastKnownFileType = "wrapper.pb-project"; name = RCTText.xcodeproj; path = "../node_modules/react-native/Libraries/Text/RCTText.xcodeproj"; sourceTree = "<group>"; };
		9596DA31932443D1B74C8B41 /* InAppUtils.xcodeproj */ = {isa = PBXFileReference; explicitFileType = undefined; fileEncoding = 9; includeInIndex = 0; lastKnownFileType = "wrapper.pb-project"; name = InAppUtils.xcodeproj; path = "../node_modules/react-native-in-app-utils/InAppUtils.xcodeproj"; sourceTree = "<group>"; };
		9621361BD7C8443383CA8AA5 /* Entypo.ttf */ = {isa = PBXFileReference; explicitFileType = undefined; fileEncoding = 9; includeInIndex = 0; lastKnownFileType = unknown; name = Entypo.ttf; path = ../app/assets/fonts/Entypo.ttf; sourceTree = "<group>"; };
		9A1E4017FD8C4B59AFF936D9 /* fontawesome.ttf */ = {isa = PBXFileReference; explicitFileType = undefined; fileEncoding = 9; includeInIndex = 0; lastKnownFileType = unknown; name = fontawesome.ttf; path = ../app/assets/fonts/fontawesome.ttf; sourceTree = "<group>"; };
		9A766F9911FC47688DBDC17B /* Entypo.ttf */ = {isa = PBXFileReference; explicitFileType = undefined; fileEncoding = 9; includeInIndex = 0; lastKnownFileType = unknown; name = Entypo.ttf; path = "../node_modules/react-native-vector-icons/Fonts/Entypo.ttf"; sourceTree = "<group>"; };
		9C99464182CE40BFB959709F /* FontAwesome.ttf */ = {isa = PBXFileReference; explicitFileType = undefined; fileEncoding = 9; includeInIndex = 0; lastKnownFileType = unknown; name = FontAwesome.ttf; path = ../app/assets/fonts/FontAwesome.ttf; sourceTree = "<group>"; };
		A197E458C9B541579B2B6AAA /* Roboto-Bold.ttf */ = {isa = PBXFileReference; explicitFileType = undefined; fileEncoding = 9; includeInIndex = 0; lastKnownFileType = unknown; name = "Roboto-Bold.ttf"; path = "../app/assets/fonts/Roboto-Bold.ttf"; sourceTree = "<group>"; };
		A494A9FC845F4D64AA11429A /* RNVectorIcons.xcodeproj */ = {isa = PBXFileReference; explicitFileType = undefined; fileEncoding = 9; includeInIndex = 0; lastKnownFileType = "wrapper.pb-project"; name = RNVectorIcons.xcodeproj; path = "../node_modules/react-native-vector-icons/RNVectorIcons.xcodeproj"; sourceTree = "<group>"; };
		ABB1D1F9966C4231AE3E3446 /* EvilIcons.ttf */ = {isa = PBXFileReference; explicitFileType = undefined; fileEncoding = 9; includeInIndex = 0; lastKnownFileType = unknown; name = EvilIcons.ttf; path = ../app/assets/fonts/EvilIcons.ttf; sourceTree = "<group>"; };
		B91D75B4E6974C768A942FA5 /* libInAppUtils.a */ = {isa = PBXFileReference; explicitFileType = undefined; fileEncoding = 9; includeInIndex = 0; lastKnownFileType = archive.ar; path = libInAppUtils.a; sourceTree = "<group>"; };
		B9B9967CB7A94A94AF684E52 /* icomoon.ttf */ = {isa = PBXFileReference; explicitFileType = undefined; fileEncoding = 9; includeInIndex = 0; lastKnownFileType = unknown; name = icomoon.ttf; path = ../app/assets/fonts/icomoon.ttf; sourceTree = "<group>"; };
		BD1621E2BF604F48AF654E3D /* MaterialIcons.ttf */ = {isa = PBXFileReference; explicitFileType = undefined; fileEncoding = 9; includeInIndex = 0; lastKnownFileType = unknown; name = MaterialIcons.ttf; path = ../app/assets/fonts/MaterialIcons.ttf; sourceTree = "<group>"; };
		C100CF951F74E74C00B7D4CB /* RCTVideo.xcodeproj */ = {isa = PBXFileReference; lastKnownFileType = "wrapper.pb-project"; name = RCTVideo.xcodeproj; path = "../node_modules/react-native-video/ios/RCTVideo.xcodeproj"; sourceTree = "<group>"; };
		C120E7781F5024BA0098ACFF /* fontawesome.ttf */ = {isa = PBXFileReference; lastKnownFileType = file; path = fontawesome.ttf; sourceTree = "<group>"; };
		C120E7791F5024BA0098ACFF /* icomoon.ttf */ = {isa = PBXFileReference; lastKnownFileType = file; path = icomoon.ttf; sourceTree = "<group>"; };
		C120E77A1F5024BA0098ACFF /* Righteous-Regular.ttf */ = {isa = PBXFileReference; lastKnownFileType = file; path = "Righteous-Regular.ttf"; sourceTree = "<group>"; };
		C120E77B1F5024BA0098ACFF /* Roboto-Bold.ttf */ = {isa = PBXFileReference; lastKnownFileType = file; path = "Roboto-Bold.ttf"; sourceTree = "<group>"; };
		C120E77C1F5024BA0098ACFF /* Roboto-Light.ttf */ = {isa = PBXFileReference; lastKnownFileType = file; path = "Roboto-Light.ttf"; sourceTree = "<group>"; };
		C120E77D1F5024BA0098ACFF /* Roboto-Medium.ttf */ = {isa = PBXFileReference; lastKnownFileType = file; path = "Roboto-Medium.ttf"; sourceTree = "<group>"; };
		C120E77E1F5024BA0098ACFF /* Roboto-Regular.ttf */ = {isa = PBXFileReference; lastKnownFileType = file; path = "Roboto-Regular.ttf"; sourceTree = "<group>"; };
		C120E7801F5024BA0098ACFF /* sendIcon.png */ = {isa = PBXFileReference; lastKnownFileType = image.png; path = sendIcon.png; sourceTree = "<group>"; };
		C120E7811F5024BA0098ACFF /* sendIcon@2x.png */ = {isa = PBXFileReference; lastKnownFileType = image.png; path = "sendIcon@2x.png"; sourceTree = "<group>"; };
		C120E7821F5024BA0098ACFF /* sendIcon@3x.png */ = {isa = PBXFileReference; lastKnownFileType = image.png; path = "sendIcon@3x.png"; sourceTree = "<group>"; };
		C120E7831F5024BA0098ACFF /* icons.js */ = {isa = PBXFileReference; fileEncoding = 4; lastKnownFileType = sourcecode.javascript; path = icons.js; sourceTree = "<group>"; };
		C130EE5B1F4AA67D00F7DB38 /* RCTWebRTC.xcodeproj */ = {isa = PBXFileReference; lastKnownFileType = "wrapper.pb-project"; name = RCTWebRTC.xcodeproj; path = "../node_modules/react-native-webrtc/ios/RCTWebRTC.xcodeproj"; sourceTree = "<group>"; };
		C130EE881F4AA86E00F7DB38 /* VideoToolbox.framework */ = {isa = PBXFileReference; lastKnownFileType = wrapper.framework; name = VideoToolbox.framework; path = System/Library/Frameworks/VideoToolbox.framework; sourceTree = SDKROOT; };
		C130EE8A1F4AA87200F7DB38 /* CoreVideo.framework */ = {isa = PBXFileReference; lastKnownFileType = wrapper.framework; name = CoreVideo.framework; path = System/Library/Frameworks/CoreVideo.framework; sourceTree = SDKROOT; };
		C130EE8C1F4AA87700F7DB38 /* CoreAudio.framework */ = {isa = PBXFileReference; lastKnownFileType = wrapper.framework; name = CoreAudio.framework; path = System/Library/Frameworks/CoreAudio.framework; sourceTree = SDKROOT; };
		C130EE8E1F4AA87D00F7DB38 /* GLKit.framework */ = {isa = PBXFileReference; lastKnownFileType = wrapper.framework; name = GLKit.framework; path = System/Library/Frameworks/GLKit.framework; sourceTree = SDKROOT; };
		C130EE901F4AA88200F7DB38 /* CoreGraphics.framework */ = {isa = PBXFileReference; lastKnownFileType = wrapper.framework; name = CoreGraphics.framework; path = System/Library/Frameworks/CoreGraphics.framework; sourceTree = SDKROOT; };
		C130EE921F4AA88600F7DB38 /* AudioToolbox.framework */ = {isa = PBXFileReference; lastKnownFileType = wrapper.framework; name = AudioToolbox.framework; path = System/Library/Frameworks/AudioToolbox.framework; sourceTree = SDKROOT; };
		C130EE941F4AA88900F7DB38 /* AVFoundation.framework */ = {isa = PBXFileReference; lastKnownFileType = wrapper.framework; name = AVFoundation.framework; path = System/Library/Frameworks/AVFoundation.framework; sourceTree = SDKROOT; };
		C130EE961F4AA88D00F7DB38 /* libstdc++.tbd */ = {isa = PBXFileReference; fileEncoding = 4; lastKnownFileType = "sourcecode.text-based-dylib-definition"; name = "libstdc++.tbd"; path = "usr/lib/libstdc++.tbd"; sourceTree = SDKROOT; };
		C130EE981F4AA89100F7DB38 /* libsqlite3.tbd */ = {isa = PBXFileReference; fileEncoding = 4; lastKnownFileType = "sourcecode.text-based-dylib-definition"; name = libsqlite3.tbd; path = usr/lib/libsqlite3.tbd; sourceTree = SDKROOT; };
		C130EE9A1F4AA89400F7DB38 /* libc.tbd */ = {isa = PBXFileReference; fileEncoding = 4; lastKnownFileType = "sourcecode.text-based-dylib-definition"; name = libc.tbd; path = usr/lib/libc.tbd; sourceTree = SDKROOT; };
		C130EE9E1F4AAA7100F7DB38 /* WebRTC.framework */ = {isa = PBXFileReference; lastKnownFileType = wrapper.framework; name = WebRTC.framework; path = "../node_modules/react-native-webrtc/ios/WebRTC.framework"; sourceTree = "<group>"; };
		C1422FDF1F7B98730064A506 /* ja */ = {isa = PBXFileReference; lastKnownFileType = file.xib; name = ja; path = ja.lproj/LaunchScreen.xib; sourceTree = "<group>"; };
		C1422FE01F7B98AE0064A506 /* ko */ = {isa = PBXFileReference; lastKnownFileType = text.plist.strings; name = ko; path = ko.lproj/LaunchScreen.strings; sourceTree = "<group>"; };
		C1A64DB61F54055D00724B3E /* ImageA.png */ = {isa = PBXFileReference; lastKnownFileType = image.png; path = ImageA.png; sourceTree = "<group>"; };
		C1C541641F6CD4D7004C5FF7 /* VideoSubscriberAccount.framework */ = {isa = PBXFileReference; lastKnownFileType = wrapper.framework; name = VideoSubscriberAccount.framework; path = System/Library/Frameworks/VideoSubscriberAccount.framework; sourceTree = SDKROOT; };
		C710C7B2B89E4FF88B920C85 /* RNSound.xcodeproj */ = {isa = PBXFileReference; explicitFileType = undefined; fileEncoding = 9; includeInIndex = 0; lastKnownFileType = "wrapper.pb-project"; name = RNSound.xcodeproj; path = "../node_modules/react-native-sound/RNSound.xcodeproj"; sourceTree = "<group>"; };
		D2106C4D08044F4E9AFE7740 /* Foundation.ttf */ = {isa = PBXFileReference; explicitFileType = undefined; fileEncoding = 9; includeInIndex = 0; lastKnownFileType = unknown; name = Foundation.ttf; path = ../app/assets/fonts/Foundation.ttf; sourceTree = "<group>"; };
		D6A9F8CBAE9C4728BC67DE64 /* SimpleLineIcons.ttf */ = {isa = PBXFileReference; explicitFileType = undefined; fileEncoding = 9; includeInIndex = 0; lastKnownFileType = unknown; name = SimpleLineIcons.ttf; path = "../node_modules/react-native-vector-icons/Fonts/SimpleLineIcons.ttf"; sourceTree = "<group>"; };
		D8A5816B8ED4C63F84A55CCA /* Pods-SponBtv.debug.xcconfig */ = {isa = PBXFileReference; includeInIndex = 1; lastKnownFileType = text.xcconfig; name = "Pods-SponBtv.debug.xcconfig"; path = "Pods/Target Support Files/Pods-SponBtv/Pods-SponBtv.debug.xcconfig"; sourceTree = "<group>"; };
		D8A941297D984A41A68469AF /* libKCKeepAwake.a */ = {isa = PBXFileReference; explicitFileType = undefined; fileEncoding = 9; includeInIndex = 0; lastKnownFileType = archive.ar; path = libKCKeepAwake.a; sourceTree = "<group>"; };
		DA479B7E2F1A46CF8821280F /* Zocial.ttf */ = {isa = PBXFileReference; explicitFileType = undefined; fileEncoding = 9; includeInIndex = 0; lastKnownFileType = unknown; name = Zocial.ttf; path = ../app/assets/fonts/Zocial.ttf; sourceTree = "<group>"; };
		DEC68E06F0B34E5591F861F2 /* Roboto-Medium.ttf */ = {isa = PBXFileReference; explicitFileType = undefined; fileEncoding = 9; includeInIndex = 0; lastKnownFileType = unknown; name = "Roboto-Medium.ttf"; path = "../app/assets/fonts/Roboto-Medium.ttf"; sourceTree = "<group>"; };
		E264BF86E09C43999D47C6C9 /* Ionicons.ttf */ = {isa = PBXFileReference; explicitFileType = undefined; fileEncoding = 9; includeInIndex = 0; lastKnownFileType = unknown; name = Ionicons.ttf; path = "../node_modules/react-native-vector-icons/Fonts/Ionicons.ttf"; sourceTree = "<group>"; };
		E435B2BD26E949188DF9F4BE /* BVLinearGradient.xcodeproj */ = {isa = PBXFileReference; explicitFileType = undefined; fileEncoding = 9; includeInIndex = 0; lastKnownFileType = "wrapper.pb-project"; name = BVLinearGradient.xcodeproj; path = "../node_modules/react-native-linear-gradient/BVLinearGradient.xcodeproj"; sourceTree = "<group>"; };
		E5BC2B18377D4C508B08E640 /* Righteous-Regular.ttf */ = {isa = PBXFileReference; explicitFileType = undefined; fileEncoding = 9; includeInIndex = 0; lastKnownFileType = unknown; name = "Righteous-Regular.ttf"; path = "../app/assets/fonts/Righteous-Regular.ttf"; sourceTree = "<group>"; };
		EA20F3096B32446EAB5E5BC8 /* Ionicons.ttf */ = {isa = PBXFileReference; explicitFileType = undefined; fileEncoding = 9; includeInIndex = 0; lastKnownFileType = unknown; name = Ionicons.ttf; path = ../app/assets/fonts/Ionicons.ttf; sourceTree = "<group>"; };
		EDDB2550D8484285BD398F77 /* SimpleLineIcons.ttf */ = {isa = PBXFileReference; explicitFileType = undefined; fileEncoding = 9; includeInIndex = 0; lastKnownFileType = unknown; name = SimpleLineIcons.ttf; path = ../app/assets/fonts/SimpleLineIcons.ttf; sourceTree = "<group>"; };
		1E1272B0E2CD4FBF98FA27D7 /* RNKeyboardEvents.xcodeproj */ = {isa = PBXFileReference; name = "RNKeyboardEvents.xcodeproj"; path = "../node_modules/react-native-keyboardevents/RNKeyboardEvents.xcodeproj"; sourceTree = "<group>"; fileEncoding = undefined; lastKnownFileType = wrapper.pb-project; explicitFileType = undefined; includeInIndex = 0; };
/* End PBXFileReference section */

/* Begin PBXFrameworksBuildPhase section */
		13B07F8C1A680F5B00A75B9A /* Frameworks */ = {
			isa = PBXFrameworksBuildPhase;
			buildActionMask = 2147483647;
			files = (
				C100CF9E1F74E76400B7D4CB /* libRCTVideo.a in Frameworks */,
				C1C541651F6CD4D7004C5FF7 /* VideoSubscriberAccount.framework in Frameworks */,
				C1D9FA5E1F4AAF4500471F5B /* libRCTWebRTC.a in Frameworks */,
				C1445CA31F49911C005D492F /* libReactNativeLocalization.a in Frameworks */,
				C1445C9F1F499105005D492F /* libRNVectorIcons.a in Frameworks */,
				C130EE891F4AA86E00F7DB38 /* VideoToolbox.framework in Frameworks */,
				146834051AC3E58100842450 /* libReact.a in Frameworks */,
				C130EE8D1F4AA87700F7DB38 /* CoreAudio.framework in Frameworks */,
				C130EE951F4AA88900F7DB38 /* AVFoundation.framework in Frameworks */,
				5E9157361DD0AC6A00FF2AA8 /* libRCTAnimation.a in Frameworks */,
				C130EE931F4AA88600F7DB38 /* AudioToolbox.framework in Frameworks */,
				C130EE911F4AA88200F7DB38 /* CoreGraphics.framework in Frameworks */,
				C130EE9B1F4AA89400F7DB38 /* libc.tbd in Frameworks */,
				C130EE971F4AA88D00F7DB38 /* libstdc++.tbd in Frameworks */,
				C130EE9F1F4AAA7100F7DB38 /* WebRTC.framework in Frameworks */,
				00C302E51ABCBA2D00DB3ED1 /* libRCTActionSheet.a in Frameworks */,
				00C302E71ABCBA2D00DB3ED1 /* libRCTGeolocation.a in Frameworks */,
				00C302E81ABCBA2D00DB3ED1 /* libRCTImage.a in Frameworks */,
				C130EE8F1F4AA87D00F7DB38 /* GLKit.framework in Frameworks */,
				133E29F31AD74F7200F7D852 /* libRCTLinking.a in Frameworks */,
				C130EE991F4AA89100F7DB38 /* libsqlite3.tbd in Frameworks */,
				00C302E91ABCBA2D00DB3ED1 /* libRCTNetwork.a in Frameworks */,
				139105C61AF99C1200B5F7CC /* libRCTSettings.a in Frameworks */,
				832341BD1AAA6AB300B99B32 /* libRCTText.a in Frameworks */,
				00C302EA1ABCBA2D00DB3ED1 /* libRCTVibration.a in Frameworks */,
				139FDEF61B0652A700C62182 /* libRCTWebSocket.a in Frameworks */,
				C130EE8B1F4AA87200F7DB38 /* CoreVideo.framework in Frameworks */,
				85A74042E6C64CACBCEC72E5 /* libRNDefaultPreference.a in Frameworks */,
				79E249462B414B9C85DE87C2 /* libBVLinearGradient.a in Frameworks */,
				3C32C6D86A354D83979F288E /* libRNBlur.a in Frameworks */,
				BAB896EA7EEC47B3AB76E194 /* libRNSound.a in Frameworks */,
				728522524857418C8C4F9E54 /* libKCKeepAwake.a in Frameworks */,
				22DFDA50252C49AAB7C19E4F /* libInAppUtils.a in Frameworks */,
			);
			runOnlyForDeploymentPostprocessing = 0;
		};
/* End PBXFrameworksBuildPhase section */

/* Begin PBXGroup section */
		00C302A81ABCB8CE00DB3ED1 /* Products */ = {
			isa = PBXGroup;
			children = (
				00C302AC1ABCB8CE00DB3ED1 /* libRCTActionSheet.a */,
			);
			name = Products;
			sourceTree = "<group>";
		};
		00C302B61ABCB90400DB3ED1 /* Products */ = {
			isa = PBXGroup;
			children = (
				00C302BA1ABCB90400DB3ED1 /* libRCTGeolocation.a */,
			);
			name = Products;
			sourceTree = "<group>";
		};
		00C302BC1ABCB91800DB3ED1 /* Products */ = {
			isa = PBXGroup;
			children = (
				00C302C01ABCB91800DB3ED1 /* libRCTImage.a */,
				C10425B51F4DA0B200F7CF0E /* libRCTImage-tvOS.a */,
			);
			name = Products;
			sourceTree = "<group>";
		};
		00C302D41ABCB9D200DB3ED1 /* Products */ = {
			isa = PBXGroup;
			children = (
				00C302DC1ABCB9D200DB3ED1 /* libRCTNetwork.a */,
				C10425BD1F4DA0B200F7CF0E /* libRCTNetwork-tvOS.a */,
			);
			name = Products;
			sourceTree = "<group>";
		};
		00C302E01ABCB9EE00DB3ED1 /* Products */ = {
			isa = PBXGroup;
			children = (
				00C302E41ABCB9EE00DB3ED1 /* libRCTVibration.a */,
			);
			name = Products;
			sourceTree = "<group>";
		};
		028FED76AFFDD61001CCEEB8 /* Frameworks */ = {
			isa = PBXGroup;
			children = (
				C1C541641F6CD4D7004C5FF7 /* VideoSubscriberAccount.framework */,
				C130EE9E1F4AAA7100F7DB38 /* WebRTC.framework */,
				C130EE981F4AA89100F7DB38 /* libsqlite3.tbd */,
				C130EE961F4AA88D00F7DB38 /* libstdc++.tbd */,
				C130EE9A1F4AA89400F7DB38 /* libc.tbd */,
				C130EE941F4AA88900F7DB38 /* AVFoundation.framework */,
				C130EE921F4AA88600F7DB38 /* AudioToolbox.framework */,
				C130EE901F4AA88200F7DB38 /* CoreGraphics.framework */,
				C130EE8E1F4AA87D00F7DB38 /* GLKit.framework */,
				C130EE8C1F4AA87700F7DB38 /* CoreAudio.framework */,
				C130EE8A1F4AA87200F7DB38 /* CoreVideo.framework */,
				C130EE881F4AA86E00F7DB38 /* VideoToolbox.framework */,
			);
			name = Frameworks;
			sourceTree = "<group>";
		};
		139105B71AF99BAD00B5F7CC /* Products */ = {
			isa = PBXGroup;
			children = (
				139105C11AF99BAD00B5F7CC /* libRCTSettings.a */,
				C10425C11F4DA0B200F7CF0E /* libRCTSettings-tvOS.a */,
			);
			name = Products;
			sourceTree = "<group>";
		};
		139FDEE71B06529A00C62182 /* Products */ = {
			isa = PBXGroup;
			children = (
				139FDEF41B06529B00C62182 /* libRCTWebSocket.a */,
				C10425CB1F4DA0B200F7CF0E /* libRCTWebSocket-tvOS.a */,
			);
			name = Products;
			sourceTree = "<group>";
		};
		13B07FAE1A68108700A75B9A /* SponBtv */ = {
			isa = PBXGroup;
			children = (
				C120E7761F5024BA0098ACFF /* assets */,
				008F07F21AC5B25A0029DE68 /* main.jsbundle */,
				13B07FAF1A68108700A75B9A /* AppDelegate.h */,
				13B07FB01A68108700A75B9A /* AppDelegate.m */,
				13B07FB51A68108700A75B9A /* Images.xcassets */,
				13B07FB61A68108700A75B9A /* Info.plist */,
				13B07FB11A68108700A75B9A /* LaunchScreen.xib */,
				13B07FB71A68108700A75B9A /* main.m */,
			);
			name = SponBtv;
			sourceTree = "<group>";
		};
		146834001AC3E56700842450 /* Products */ = {
			isa = PBXGroup;
			children = (
				146834041AC3E56700842450 /* libReact.a */,
				C10425D91F4DA0B200F7CF0E /* libReact.a */,
				3DAD3EA51DF850E9000B6D8A /* libyoga.a */,
				C10425DB1F4DA0B200F7CF0E /* libyoga.a */,
				3DAD3EA91DF850E9000B6D8A /* libcxxreact.a */,
				C10425DD1F4DA0B200F7CF0E /* libcxxreact.a */,
				3DAD3EAD1DF850E9000B6D8A /* libjschelpers.a */,
				C10425DF1F4DA0B200F7CF0E /* libjschelpers.a */,
				C1445C361F498D60005D492F /* libthird-party.a */,
				C10425E11F4DA0B200F7CF0E /* libthird-party.a */,
				C1445C3A1F498D60005D492F /* libdouble-conversion.a */,
				C10425E31F4DA0B200F7CF0E /* libdouble-conversion.a */,
			);
			name = Products;
			sourceTree = "<group>";
		};
		5E91572E1DD0AC6500FF2AA8 /* Products */ = {
			isa = PBXGroup;
			children = (
				5E9157331DD0AC6500FF2AA8 /* libRCTAnimation.a */,
				C10425B01F4DA0B200F7CF0E /* libRCTAnimation.a */,
			);
			name = Products;
			sourceTree = "<group>";
		};
		6C9B3D84CC49DED72CD019FF /* Pods */ = {
			isa = PBXGroup;
			children = (
				D8A5816B8ED4C63F84A55CCA /* Pods-SponBtv.debug.xcconfig */,
				4A917CE1E2ABB8C012A67472 /* Pods-SponBtv.release.xcconfig */,
			);
			name = Pods;
			sourceTree = "<group>";
		};
		78C398B11ACF4ADC00677621 /* Products */ = {
			isa = PBXGroup;
			children = (
				78C398B91ACF4ADC00677621 /* libRCTLinking.a */,
				C10425B91F4DA0B200F7CF0E /* libRCTLinking-tvOS.a */,
			);
			name = Products;
			sourceTree = "<group>";
		};
		832341AE1AAA6A7D00B99B32 /* Libraries */ = {
			isa = PBXGroup;
			children = (
				C100CF951F74E74C00B7D4CB /* RCTVideo.xcodeproj */,
				C130EE5B1F4AA67D00F7DB38 /* RCTWebRTC.xcodeproj */,
				5E91572D1DD0AC6500FF2AA8 /* RCTAnimation.xcodeproj */,
				146833FF1AC3E56700842450 /* React.xcodeproj */,
				00C302A71ABCB8CE00DB3ED1 /* RCTActionSheet.xcodeproj */,
				00C302B51ABCB90400DB3ED1 /* RCTGeolocation.xcodeproj */,
				00C302BB1ABCB91800DB3ED1 /* RCTImage.xcodeproj */,
				78C398B01ACF4ADC00677621 /* RCTLinking.xcodeproj */,
				00C302D31ABCB9D200DB3ED1 /* RCTNetwork.xcodeproj */,
				139105B61AF99BAD00B5F7CC /* RCTSettings.xcodeproj */,
				832341B01AAA6A8300B99B32 /* RCTText.xcodeproj */,
				00C302DF1ABCB9EE00DB3ED1 /* RCTVibration.xcodeproj */,
				139FDEE61B06529A00C62182 /* RCTWebSocket.xcodeproj */,
				A494A9FC845F4D64AA11429A /* RNVectorIcons.xcodeproj */,
				0C1C7D6D0CEA438AAE9E6199 /* ReactNativeLocalization.xcodeproj */,
				76ED14A510A04D83AC7E5042 /* RNDefaultPreference.xcodeproj */,
				E435B2BD26E949188DF9F4BE /* BVLinearGradient.xcodeproj */,
				0F3B51689F0E4A2AA639839B /* RNBlur.xcodeproj */,
				C710C7B2B89E4FF88B920C85 /* RNSound.xcodeproj */,
				73DBC1FA5FC54248A131C4E5 /* KCKeepAwake.xcodeproj */,
				9596DA31932443D1B74C8B41 /* InAppUtils.xcodeproj */,
				1E1272B0E2CD4FBF98FA27D7 /* RNKeyboardEvents.xcodeproj */,
			);
			name = Libraries;
			sourceTree = "<group>";
		};
		832341B11AAA6A8300B99B32 /* Products */ = {
			isa = PBXGroup;
			children = (
				832341B51AAA6A8300B99B32 /* libRCTText.a */,
				C10425C51F4DA0B200F7CF0E /* libRCTText-tvOS.a */,
			);
			name = Products;
			sourceTree = "<group>";
		};
		83CBB9F61A601CBA00E9B192 = {
			isa = PBXGroup;
			children = (
				13B07FAE1A68108700A75B9A /* SponBtv */,
				832341AE1AAA6A7D00B99B32 /* Libraries */,
				83CBBA001A601CBA00E9B192 /* Products */,
				9C474AA5493849D6831FCE98 /* Resources */,
				6C9B3D84CC49DED72CD019FF /* Pods */,
				028FED76AFFDD61001CCEEB8 /* Frameworks */,
				C19754E71F73A4D000728E6C /* Recovered References */,
			);
			indentWidth = 2;
			sourceTree = "<group>";
			tabWidth = 2;
		};
		83CBBA001A601CBA00E9B192 /* Products */ = {
			isa = PBXGroup;
			children = (
				13B07F961A680F5B00A75B9A /* SponBtv.app */,
			);
			name = Products;
			sourceTree = "<group>";
		};
		9C474AA5493849D6831FCE98 /* Resources */ = {
			isa = PBXGroup;
			children = (
				9A766F9911FC47688DBDC17B /* Entypo.ttf */,
				3BB9206F862240CF8E752036 /* EvilIcons.ttf */,
				52649C0551234918AC8D3E1F /* FontAwesome.ttf */,
				1424CC4AFE1F4BE8B785F567 /* Foundation.ttf */,
				E264BF86E09C43999D47C6C9 /* Ionicons.ttf */,
				77F6240B9BF4464C8268D921 /* MaterialCommunityIcons.ttf */,
				25B71BEF1B0E4DD6BA2825CC /* MaterialIcons.ttf */,
				374E6A193EAB4075A4804B22 /* Octicons.ttf */,
				D6A9F8CBAE9C4728BC67DE64 /* SimpleLineIcons.ttf */,
				084F51CB73C542DE99DB77FA /* Zocial.ttf */,
				9A1E4017FD8C4B59AFF936D9 /* fontawesome.ttf */,
				B9B9967CB7A94A94AF684E52 /* icomoon.ttf */,
				E5BC2B18377D4C508B08E640 /* Righteous-Regular.ttf */,
				A197E458C9B541579B2B6AAA /* Roboto-Bold.ttf */,
				46C532071EEB441EA36D87DD /* Roboto-Light.ttf */,
				DEC68E06F0B34E5591F861F2 /* Roboto-Medium.ttf */,
				132000DAB0B34B66BDDDE7D6 /* Roboto-Regular.ttf */,
				9621361BD7C8443383CA8AA5 /* Entypo.ttf */,
				ABB1D1F9966C4231AE3E3446 /* EvilIcons.ttf */,
				9C99464182CE40BFB959709F /* FontAwesome.ttf */,
				D2106C4D08044F4E9AFE7740 /* Foundation.ttf */,
				EA20F3096B32446EAB5E5BC8 /* Ionicons.ttf */,
				82D9B6D0EF0B41569CA24932 /* MaterialCommunityIcons.ttf */,
				BD1621E2BF604F48AF654E3D /* MaterialIcons.ttf */,
				41B31C574B524BD2B5C863A4 /* Octicons.ttf */,
				EDDB2550D8484285BD398F77 /* SimpleLineIcons.ttf */,
				DA479B7E2F1A46CF8821280F /* Zocial.ttf */,
			);
			name = Resources;
			sourceTree = "<group>";
		};
		C100CF961F74E74C00B7D4CB /* Products */ = {
			isa = PBXGroup;
			children = (
				C100CF9B1F74E74D00B7D4CB /* libRCTVideo.a */,
				C100CF9D1F74E74D00B7D4CB /* libRCTVideo.a */,
			);
			name = Products;
			sourceTree = "<group>";
		};
		C109172B1F551908009D662D /* Products */ = {
			isa = PBXGroup;
			children = (
				C10917301F551908009D662D /* libBVLinearGradient.a */,
				C10917321F551908009D662D /* libBVLinearGradient.a */,
			);
			name = Products;
			sourceTree = "<group>";
		};
		C120E7761F5024BA0098ACFF /* assets */ = {
			isa = PBXGroup;
			children = (
				C1A64DB51F54055D00724B3E /* imgs */,
				C120E7771F5024BA0098ACFF /* fonts */,
				C120E77F1F5024BA0098ACFF /* icons */,
				C120E7831F5024BA0098ACFF /* icons.js */,
			);
			name = assets;
			path = ../app/assets;
			sourceTree = "<group>";
		};
		C120E7771F5024BA0098ACFF /* fonts */ = {
			isa = PBXGroup;
			children = (
				C120E7781F5024BA0098ACFF /* fontawesome.ttf */,
				C120E7791F5024BA0098ACFF /* icomoon.ttf */,
				C120E77A1F5024BA0098ACFF /* Righteous-Regular.ttf */,
				C120E77B1F5024BA0098ACFF /* Roboto-Bold.ttf */,
				C120E77C1F5024BA0098ACFF /* Roboto-Light.ttf */,
				C120E77D1F5024BA0098ACFF /* Roboto-Medium.ttf */,
				C120E77E1F5024BA0098ACFF /* Roboto-Regular.ttf */,
			);
			path = fonts;
			sourceTree = "<group>";
		};
		C120E77F1F5024BA0098ACFF /* icons */ = {
			isa = PBXGroup;
			children = (
				C120E7801F5024BA0098ACFF /* sendIcon.png */,
				C120E7811F5024BA0098ACFF /* sendIcon@2x.png */,
				C120E7821F5024BA0098ACFF /* sendIcon@3x.png */,
			);
			path = icons;
			sourceTree = "<group>";
		};
		C130EE5C1F4AA67D00F7DB38 /* Products */ = {
			isa = PBXGroup;
			children = (
				C130EE601F4AA67D00F7DB38 /* libRCTWebRTC.a */,
			);
			name = Products;
			sourceTree = "<group>";
		};
		C1422F921F7B80960064A506 /* Products */ = {
			isa = PBXGroup;
			children = (
				C1422F971F7B80970064A506 /* libInAppUtils.a */,
				C1422F991F7B80970064A506 /* InAppUtilsTests.xctest */,
			);
			name = Products;
			sourceTree = "<group>";
		};
		C1445C131F498D60005D492F /* Products */ = {
			isa = PBXGroup;
			children = (
				C1445C3F1F498D60005D492F /* libRNVectorIcons.a */,
			);
			name = Products;
			sourceTree = "<group>";
		};
		C1445C7B1F498EBD005D492F /* Products */ = {
			isa = PBXGroup;
			children = (
				C1445C9D1F498EBD005D492F /* libReactNativeLocalization.a */,
			);
			name = Products;
			sourceTree = "<group>";
		};
		C17B9B3B1F5EA76B00909346 /* Products */ = {
			isa = PBXGroup;
			children = (
				C17B9B611F5EA76B00909346 /* libRNBlur.a */,
				C17B9B631F5EA76B00909346 /* libRNBlur.a */,
			);
			name = Products;
			sourceTree = "<group>";
		};
		C19754E71F73A4D000728E6C /* Recovered References */ = {
			isa = PBXGroup;
			children = (
				5D6AC8D1932546EB890C50CF /* libRNDefaultPreference.a */,
				2FAE2D00DA814BF5A453A167 /* libBVLinearGradient.a */,
				094A2D25F6F1402C839DECDB /* libRNBlur.a */,
				662E53F2D4C0407EA49C9193 /* libRNSound.a */,
				D8A941297D984A41A68469AF /* libKCKeepAwake.a */,
				58083C6D12D640CBB92D04B5 /* libRCTVideo.a */,
				09A01CB8518747179FB970D2 /* libRNKeyboardEvents.a */,
				B91D75B4E6974C768A942FA5 /* libInAppUtils.a */,
			);
			name = "Recovered References";
			sourceTree = "<group>";
		};
		C1A4F8FF1F6779E200E95E13 /* Products */ = {
			isa = PBXGroup;
			children = (
				C1A4F9271F6779E200E95E13 /* libRNSound.a */,
			);
			name = Products;
			sourceTree = "<group>";
		};
		C1A4F93B1F67E81200E95E13 /* Products */ = {
			isa = PBXGroup;
			children = (
				C1A4F9411F67E81200E95E13 /* libKCKeepAwake.a */,
			);
			name = Products;
			sourceTree = "<group>";
		};
		C1A64DB51F54055D00724B3E /* imgs */ = {
			isa = PBXGroup;
			children = (
				C1A64DB61F54055D00724B3E /* ImageA.png */,
			);
			path = imgs;
			sourceTree = "<group>";
		};
		C1A64DC61F541D4100724B3E /* Products */ = {
			isa = PBXGroup;
			children = (
				C1A64DE91F541D4200724B3E /* libRNDefaultPreference.a */,
			);
			name = Products;
			sourceTree = "<group>";
		};
/* End PBXGroup section */

/* Begin PBXNativeTarget section */
		13B07F861A680F5B00A75B9A /* SponBtv */ = {
			isa = PBXNativeTarget;
			buildConfigurationList = 13B07F931A680F5B00A75B9A /* Build configuration list for PBXNativeTarget "SponBtv" */;
			buildPhases = (
				4612F40080E95E20E2689897 /* [CP] Check Pods Manifest.lock */,
				13B07F871A680F5B00A75B9A /* Sources */,
				13B07F8C1A680F5B00A75B9A /* Frameworks */,
				13B07F8E1A680F5B00A75B9A /* Resources */,
				00DD1BFF1BD5951E006B06BC /* Bundle React Native code and images */,
				13DEC4CCA88767A342CC174B /* [CP] Embed Pods Frameworks */,
				EF52B9465CFCA2E00979B21F /* [CP] Copy Pods Resources */,
				C130EE871F4AA80C00F7DB38 /* Embed Frameworks */,
			);
			buildRules = (
			);
			dependencies = (
			);
			name = SponBtv;
			productName = "Hello World";
			productReference = 13B07F961A680F5B00A75B9A /* SponBtv.app */;
			productType = "com.apple.product-type.application";
		};
/* End PBXNativeTarget section */

/* Begin PBXProject section */
		83CBB9F71A601CBA00E9B192 /* Project object */ = {
			isa = PBXProject;
			attributes = {
				LastUpgradeCheck = 830;
				ORGANIZATIONNAME = Facebook;
				TargetAttributes = {
					13B07F861A680F5B00A75B9A = {
						DevelopmentTeam = P456V25ZDN;
						ProvisioningStyle = Automatic;
						SystemCapabilities = {
							com.apple.BackgroundModes = {
								enabled = 0;
							};
							com.apple.InAppPurchase = {
								enabled = 0;
							};
						};
					};
				};
			};
			buildConfigurationList = 83CBB9FA1A601CBA00E9B192 /* Build configuration list for PBXProject "SponBtv" */;
			compatibilityVersion = "Xcode 3.2";
			developmentRegion = English;
			hasScannedForEncodings = 0;
			knownRegions = (
				en,
				Base,
			);
			mainGroup = 83CBB9F61A601CBA00E9B192;
			productRefGroup = 83CBBA001A601CBA00E9B192 /* Products */;
			projectDirPath = "";
			projectReferences = (
				{
					ProductGroup = C109172B1F551908009D662D /* Products */;
					ProjectRef = E435B2BD26E949188DF9F4BE /* BVLinearGradient.xcodeproj */;
				},
				{
					ProductGroup = C1422F921F7B80960064A506 /* Products */;
					ProjectRef = 9596DA31932443D1B74C8B41 /* InAppUtils.xcodeproj */;
				},
				{
					ProductGroup = C1A4F93B1F67E81200E95E13 /* Products */;
					ProjectRef = 73DBC1FA5FC54248A131C4E5 /* KCKeepAwake.xcodeproj */;
				},
				{
					ProductGroup = 00C302A81ABCB8CE00DB3ED1 /* Products */;
					ProjectRef = 00C302A71ABCB8CE00DB3ED1 /* RCTActionSheet.xcodeproj */;
				},
				{
					ProductGroup = 5E91572E1DD0AC6500FF2AA8 /* Products */;
					ProjectRef = 5E91572D1DD0AC6500FF2AA8 /* RCTAnimation.xcodeproj */;
				},
				{
					ProductGroup = 00C302B61ABCB90400DB3ED1 /* Products */;
					ProjectRef = 00C302B51ABCB90400DB3ED1 /* RCTGeolocation.xcodeproj */;
				},
				{
					ProductGroup = 00C302BC1ABCB91800DB3ED1 /* Products */;
					ProjectRef = 00C302BB1ABCB91800DB3ED1 /* RCTImage.xcodeproj */;
				},
				{
					ProductGroup = 78C398B11ACF4ADC00677621 /* Products */;
					ProjectRef = 78C398B01ACF4ADC00677621 /* RCTLinking.xcodeproj */;
				},
				{
					ProductGroup = 00C302D41ABCB9D200DB3ED1 /* Products */;
					ProjectRef = 00C302D31ABCB9D200DB3ED1 /* RCTNetwork.xcodeproj */;
				},
				{
					ProductGroup = 139105B71AF99BAD00B5F7CC /* Products */;
					ProjectRef = 139105B61AF99BAD00B5F7CC /* RCTSettings.xcodeproj */;
				},
				{
					ProductGroup = 832341B11AAA6A8300B99B32 /* Products */;
					ProjectRef = 832341B01AAA6A8300B99B32 /* RCTText.xcodeproj */;
				},
				{
					ProductGroup = 00C302E01ABCB9EE00DB3ED1 /* Products */;
					ProjectRef = 00C302DF1ABCB9EE00DB3ED1 /* RCTVibration.xcodeproj */;
				},
				{
					ProductGroup = C100CF961F74E74C00B7D4CB /* Products */;
					ProjectRef = C100CF951F74E74C00B7D4CB /* RCTVideo.xcodeproj */;
				},
				{
					ProductGroup = C130EE5C1F4AA67D00F7DB38 /* Products */;
					ProjectRef = C130EE5B1F4AA67D00F7DB38 /* RCTWebRTC.xcodeproj */;
				},
				{
					ProductGroup = 139FDEE71B06529A00C62182 /* Products */;
					ProjectRef = 139FDEE61B06529A00C62182 /* RCTWebSocket.xcodeproj */;
				},
				{
					ProductGroup = 146834001AC3E56700842450 /* Products */;
					ProjectRef = 146833FF1AC3E56700842450 /* React.xcodeproj */;
				},
				{
					ProductGroup = C1445C7B1F498EBD005D492F /* Products */;
					ProjectRef = 0C1C7D6D0CEA438AAE9E6199 /* ReactNativeLocalization.xcodeproj */;
				},
				{
					ProductGroup = C17B9B3B1F5EA76B00909346 /* Products */;
					ProjectRef = 0F3B51689F0E4A2AA639839B /* RNBlur.xcodeproj */;
				},
				{
					ProductGroup = C1A64DC61F541D4100724B3E /* Products */;
					ProjectRef = 76ED14A510A04D83AC7E5042 /* RNDefaultPreference.xcodeproj */;
				},
				{
					ProductGroup = C1A4F8FF1F6779E200E95E13 /* Products */;
					ProjectRef = C710C7B2B89E4FF88B920C85 /* RNSound.xcodeproj */;
				},
				{
					ProductGroup = C1445C131F498D60005D492F /* Products */;
					ProjectRef = A494A9FC845F4D64AA11429A /* RNVectorIcons.xcodeproj */;
				},
			);
			projectRoot = "";
			targets = (
				13B07F861A680F5B00A75B9A /* SponBtv */,
			);
		};
/* End PBXProject section */

/* Begin PBXReferenceProxy section */
		00C302AC1ABCB8CE00DB3ED1 /* libRCTActionSheet.a */ = {
			isa = PBXReferenceProxy;
			fileType = archive.ar;
			path = libRCTActionSheet.a;
			remoteRef = 00C302AB1ABCB8CE00DB3ED1 /* PBXContainerItemProxy */;
			sourceTree = BUILT_PRODUCTS_DIR;
		};
		00C302BA1ABCB90400DB3ED1 /* libRCTGeolocation.a */ = {
			isa = PBXReferenceProxy;
			fileType = archive.ar;
			path = libRCTGeolocation.a;
			remoteRef = 00C302B91ABCB90400DB3ED1 /* PBXContainerItemProxy */;
			sourceTree = BUILT_PRODUCTS_DIR;
		};
		00C302C01ABCB91800DB3ED1 /* libRCTImage.a */ = {
			isa = PBXReferenceProxy;
			fileType = archive.ar;
			path = libRCTImage.a;
			remoteRef = 00C302BF1ABCB91800DB3ED1 /* PBXContainerItemProxy */;
			sourceTree = BUILT_PRODUCTS_DIR;
		};
		00C302DC1ABCB9D200DB3ED1 /* libRCTNetwork.a */ = {
			isa = PBXReferenceProxy;
			fileType = archive.ar;
			path = libRCTNetwork.a;
			remoteRef = 00C302DB1ABCB9D200DB3ED1 /* PBXContainerItemProxy */;
			sourceTree = BUILT_PRODUCTS_DIR;
		};
		00C302E41ABCB9EE00DB3ED1 /* libRCTVibration.a */ = {
			isa = PBXReferenceProxy;
			fileType = archive.ar;
			path = libRCTVibration.a;
			remoteRef = 00C302E31ABCB9EE00DB3ED1 /* PBXContainerItemProxy */;
			sourceTree = BUILT_PRODUCTS_DIR;
		};
		139105C11AF99BAD00B5F7CC /* libRCTSettings.a */ = {
			isa = PBXReferenceProxy;
			fileType = archive.ar;
			path = libRCTSettings.a;
			remoteRef = 139105C01AF99BAD00B5F7CC /* PBXContainerItemProxy */;
			sourceTree = BUILT_PRODUCTS_DIR;
		};
		139FDEF41B06529B00C62182 /* libRCTWebSocket.a */ = {
			isa = PBXReferenceProxy;
			fileType = archive.ar;
			path = libRCTWebSocket.a;
			remoteRef = 139FDEF31B06529B00C62182 /* PBXContainerItemProxy */;
			sourceTree = BUILT_PRODUCTS_DIR;
		};
		146834041AC3E56700842450 /* libReact.a */ = {
			isa = PBXReferenceProxy;
			fileType = archive.ar;
			path = libReact.a;
			remoteRef = 146834031AC3E56700842450 /* PBXContainerItemProxy */;
			sourceTree = BUILT_PRODUCTS_DIR;
		};
		3DAD3EA51DF850E9000B6D8A /* libyoga.a */ = {
			isa = PBXReferenceProxy;
			fileType = archive.ar;
			path = libyoga.a;
			remoteRef = 3DAD3EA41DF850E9000B6D8A /* PBXContainerItemProxy */;
			sourceTree = BUILT_PRODUCTS_DIR;
		};
		3DAD3EA91DF850E9000B6D8A /* libcxxreact.a */ = {
			isa = PBXReferenceProxy;
			fileType = archive.ar;
			path = libcxxreact.a;
			remoteRef = 3DAD3EA81DF850E9000B6D8A /* PBXContainerItemProxy */;
			sourceTree = BUILT_PRODUCTS_DIR;
		};
		3DAD3EAD1DF850E9000B6D8A /* libjschelpers.a */ = {
			isa = PBXReferenceProxy;
			fileType = archive.ar;
			path = libjschelpers.a;
			remoteRef = 3DAD3EAC1DF850E9000B6D8A /* PBXContainerItemProxy */;
			sourceTree = BUILT_PRODUCTS_DIR;
		};
		5E9157331DD0AC6500FF2AA8 /* libRCTAnimation.a */ = {
			isa = PBXReferenceProxy;
			fileType = archive.ar;
			path = libRCTAnimation.a;
			remoteRef = 5E9157321DD0AC6500FF2AA8 /* PBXContainerItemProxy */;
			sourceTree = BUILT_PRODUCTS_DIR;
		};
		78C398B91ACF4ADC00677621 /* libRCTLinking.a */ = {
			isa = PBXReferenceProxy;
			fileType = archive.ar;
			path = libRCTLinking.a;
			remoteRef = 78C398B81ACF4ADC00677621 /* PBXContainerItemProxy */;
			sourceTree = BUILT_PRODUCTS_DIR;
		};
		832341B51AAA6A8300B99B32 /* libRCTText.a */ = {
			isa = PBXReferenceProxy;
			fileType = archive.ar;
			path = libRCTText.a;
			remoteRef = 832341B41AAA6A8300B99B32 /* PBXContainerItemProxy */;
			sourceTree = BUILT_PRODUCTS_DIR;
		};
		C100CF9B1F74E74D00B7D4CB /* libRCTVideo.a */ = {
			isa = PBXReferenceProxy;
			fileType = archive.ar;
			path = libRCTVideo.a;
			remoteRef = C100CF9A1F74E74D00B7D4CB /* PBXContainerItemProxy */;
			sourceTree = BUILT_PRODUCTS_DIR;
		};
		C100CF9D1F74E74D00B7D4CB /* libRCTVideo.a */ = {
			isa = PBXReferenceProxy;
			fileType = archive.ar;
			path = libRCTVideo.a;
			remoteRef = C100CF9C1F74E74D00B7D4CB /* PBXContainerItemProxy */;
			sourceTree = BUILT_PRODUCTS_DIR;
		};
		C10425B01F4DA0B200F7CF0E /* libRCTAnimation.a */ = {
			isa = PBXReferenceProxy;
			fileType = archive.ar;
			path = libRCTAnimation.a;
			remoteRef = C10425AF1F4DA0B200F7CF0E /* PBXContainerItemProxy */;
			sourceTree = BUILT_PRODUCTS_DIR;
		};
		C10425B51F4DA0B200F7CF0E /* libRCTImage-tvOS.a */ = {
			isa = PBXReferenceProxy;
			fileType = archive.ar;
			path = "libRCTImage-tvOS.a";
			remoteRef = C10425B41F4DA0B200F7CF0E /* PBXContainerItemProxy */;
			sourceTree = BUILT_PRODUCTS_DIR;
		};
		C10425B91F4DA0B200F7CF0E /* libRCTLinking-tvOS.a */ = {
			isa = PBXReferenceProxy;
			fileType = archive.ar;
			path = "libRCTLinking-tvOS.a";
			remoteRef = C10425B81F4DA0B200F7CF0E /* PBXContainerItemProxy */;
			sourceTree = BUILT_PRODUCTS_DIR;
		};
		C10425BD1F4DA0B200F7CF0E /* libRCTNetwork-tvOS.a */ = {
			isa = PBXReferenceProxy;
			fileType = archive.ar;
			path = "libRCTNetwork-tvOS.a";
			remoteRef = C10425BC1F4DA0B200F7CF0E /* PBXContainerItemProxy */;
			sourceTree = BUILT_PRODUCTS_DIR;
		};
		C10425C11F4DA0B200F7CF0E /* libRCTSettings-tvOS.a */ = {
			isa = PBXReferenceProxy;
			fileType = archive.ar;
			path = "libRCTSettings-tvOS.a";
			remoteRef = C10425C01F4DA0B200F7CF0E /* PBXContainerItemProxy */;
			sourceTree = BUILT_PRODUCTS_DIR;
		};
		C10425C51F4DA0B200F7CF0E /* libRCTText-tvOS.a */ = {
			isa = PBXReferenceProxy;
			fileType = archive.ar;
			path = "libRCTText-tvOS.a";
			remoteRef = C10425C41F4DA0B200F7CF0E /* PBXContainerItemProxy */;
			sourceTree = BUILT_PRODUCTS_DIR;
		};
		C10425CB1F4DA0B200F7CF0E /* libRCTWebSocket-tvOS.a */ = {
			isa = PBXReferenceProxy;
			fileType = archive.ar;
			path = "libRCTWebSocket-tvOS.a";
			remoteRef = C10425CA1F4DA0B200F7CF0E /* PBXContainerItemProxy */;
			sourceTree = BUILT_PRODUCTS_DIR;
		};
		C10425D91F4DA0B200F7CF0E /* libReact.a */ = {
			isa = PBXReferenceProxy;
			fileType = archive.ar;
			path = libReact.a;
			remoteRef = C10425D81F4DA0B200F7CF0E /* PBXContainerItemProxy */;
			sourceTree = BUILT_PRODUCTS_DIR;
		};
		C10425DB1F4DA0B200F7CF0E /* libyoga.a */ = {
			isa = PBXReferenceProxy;
			fileType = archive.ar;
			path = libyoga.a;
			remoteRef = C10425DA1F4DA0B200F7CF0E /* PBXContainerItemProxy */;
			sourceTree = BUILT_PRODUCTS_DIR;
		};
		C10425DD1F4DA0B200F7CF0E /* libcxxreact.a */ = {
			isa = PBXReferenceProxy;
			fileType = archive.ar;
			path = libcxxreact.a;
			remoteRef = C10425DC1F4DA0B200F7CF0E /* PBXContainerItemProxy */;
			sourceTree = BUILT_PRODUCTS_DIR;
		};
		C10425DF1F4DA0B200F7CF0E /* libjschelpers.a */ = {
			isa = PBXReferenceProxy;
			fileType = archive.ar;
			path = libjschelpers.a;
			remoteRef = C10425DE1F4DA0B200F7CF0E /* PBXContainerItemProxy */;
			sourceTree = BUILT_PRODUCTS_DIR;
		};
		C10425E11F4DA0B200F7CF0E /* libthird-party.a */ = {
			isa = PBXReferenceProxy;
			fileType = archive.ar;
			path = "libthird-party.a";
			remoteRef = C10425E01F4DA0B200F7CF0E /* PBXContainerItemProxy */;
			sourceTree = BUILT_PRODUCTS_DIR;
		};
		C10425E31F4DA0B200F7CF0E /* libdouble-conversion.a */ = {
			isa = PBXReferenceProxy;
			fileType = archive.ar;
			path = "libdouble-conversion.a";
			remoteRef = C10425E21F4DA0B200F7CF0E /* PBXContainerItemProxy */;
			sourceTree = BUILT_PRODUCTS_DIR;
		};
		C10917301F551908009D662D /* libBVLinearGradient.a */ = {
			isa = PBXReferenceProxy;
			fileType = archive.ar;
			path = libBVLinearGradient.a;
			remoteRef = C109172F1F551908009D662D /* PBXContainerItemProxy */;
			sourceTree = BUILT_PRODUCTS_DIR;
		};
		C10917321F551908009D662D /* libBVLinearGradient.a */ = {
			isa = PBXReferenceProxy;
			fileType = archive.ar;
			path = libBVLinearGradient.a;
			remoteRef = C10917311F551908009D662D /* PBXContainerItemProxy */;
			sourceTree = BUILT_PRODUCTS_DIR;
		};
		C130EE601F4AA67D00F7DB38 /* libRCTWebRTC.a */ = {
			isa = PBXReferenceProxy;
			fileType = archive.ar;
			path = libRCTWebRTC.a;
			remoteRef = C130EE5F1F4AA67D00F7DB38 /* PBXContainerItemProxy */;
			sourceTree = BUILT_PRODUCTS_DIR;
		};
		C1422F971F7B80970064A506 /* libInAppUtils.a */ = {
			isa = PBXReferenceProxy;
			fileType = archive.ar;
			path = libInAppUtils.a;
			remoteRef = C1422F961F7B80970064A506 /* PBXContainerItemProxy */;
			sourceTree = BUILT_PRODUCTS_DIR;
		};
		C1422F991F7B80970064A506 /* InAppUtilsTests.xctest */ = {
			isa = PBXReferenceProxy;
			fileType = wrapper.cfbundle;
			path = InAppUtilsTests.xctest;
			remoteRef = C1422F981F7B80970064A506 /* PBXContainerItemProxy */;
			sourceTree = BUILT_PRODUCTS_DIR;
		};
		C1445C361F498D60005D492F /* libthird-party.a */ = {
			isa = PBXReferenceProxy;
			fileType = archive.ar;
			path = "libthird-party.a";
			remoteRef = C1445C351F498D60005D492F /* PBXContainerItemProxy */;
			sourceTree = BUILT_PRODUCTS_DIR;
		};
		C1445C3A1F498D60005D492F /* libdouble-conversion.a */ = {
			isa = PBXReferenceProxy;
			fileType = archive.ar;
			path = "libdouble-conversion.a";
			remoteRef = C1445C391F498D60005D492F /* PBXContainerItemProxy */;
			sourceTree = BUILT_PRODUCTS_DIR;
		};
		C1445C3F1F498D60005D492F /* libRNVectorIcons.a */ = {
			isa = PBXReferenceProxy;
			fileType = archive.ar;
			path = libRNVectorIcons.a;
			remoteRef = C1445C3E1F498D60005D492F /* PBXContainerItemProxy */;
			sourceTree = BUILT_PRODUCTS_DIR;
		};
		C1445C9D1F498EBD005D492F /* libReactNativeLocalization.a */ = {
			isa = PBXReferenceProxy;
			fileType = archive.ar;
			path = libReactNativeLocalization.a;
			remoteRef = C1445C9C1F498EBD005D492F /* PBXContainerItemProxy */;
			sourceTree = BUILT_PRODUCTS_DIR;
		};
		C17B9B611F5EA76B00909346 /* libRNBlur.a */ = {
			isa = PBXReferenceProxy;
			fileType = archive.ar;
			path = libRNBlur.a;
			remoteRef = C17B9B601F5EA76B00909346 /* PBXContainerItemProxy */;
			sourceTree = BUILT_PRODUCTS_DIR;
		};
		C17B9B631F5EA76B00909346 /* libRNBlur.a */ = {
			isa = PBXReferenceProxy;
			fileType = archive.ar;
			path = libRNBlur.a;
			remoteRef = C17B9B621F5EA76B00909346 /* PBXContainerItemProxy */;
			sourceTree = BUILT_PRODUCTS_DIR;
		};
		C1A4F9271F6779E200E95E13 /* libRNSound.a */ = {
			isa = PBXReferenceProxy;
			fileType = archive.ar;
			path = libRNSound.a;
			remoteRef = C1A4F9261F6779E200E95E13 /* PBXContainerItemProxy */;
			sourceTree = BUILT_PRODUCTS_DIR;
		};
		C1A4F9411F67E81200E95E13 /* libKCKeepAwake.a */ = {
			isa = PBXReferenceProxy;
			fileType = archive.ar;
			path = libKCKeepAwake.a;
			remoteRef = C1A4F9401F67E81200E95E13 /* PBXContainerItemProxy */;
			sourceTree = BUILT_PRODUCTS_DIR;
		};
		C1A64DE91F541D4200724B3E /* libRNDefaultPreference.a */ = {
			isa = PBXReferenceProxy;
			fileType = archive.ar;
			path = libRNDefaultPreference.a;
			remoteRef = C1A64DE81F541D4200724B3E /* PBXContainerItemProxy */;
			sourceTree = BUILT_PRODUCTS_DIR;
		};
/* End PBXReferenceProxy section */

/* Begin PBXResourcesBuildPhase section */
		13B07F8E1A680F5B00A75B9A /* Resources */ = {
			isa = PBXResourcesBuildPhase;
			buildActionMask = 2147483647;
			files = (
				C120E7A91F5024BA0098ACFF /* sendIcon@2x.png in Resources */,
				13B07FBF1A68108700A75B9A /* Images.xcassets in Resources */,
				C120E7A21F5024BA0098ACFF /* icomoon.ttf in Resources */,
				C120E7AA1F5024BA0098ACFF /* sendIcon@3x.png in Resources */,
				C120E7AB1F5024BA0098ACFF /* icons.js in Resources */,
				13B07FBD1A68108700A75B9A /* LaunchScreen.xib in Resources */,
				F1BFF638FE9F41B9B2DEE30A /* Entypo.ttf in Resources */,
				031262C3C55C47D1B877417C /* EvilIcons.ttf in Resources */,
				C1A64DB71F54055D00724B3E /* ImageA.png in Resources */,
				C120E7A81F5024BA0098ACFF /* sendIcon.png in Resources */,
				A533336AA49041BE913F4687 /* FontAwesome.ttf in Resources */,
				C120E7A31F5024BA0098ACFF /* Righteous-Regular.ttf in Resources */,
				C120E7A61F5024BA0098ACFF /* Roboto-Medium.ttf in Resources */,
				B40BF782E98045D4A365EAF6 /* Foundation.ttf in Resources */,
				F049A825698F45788D0EA43C /* Ionicons.ttf in Resources */,
				1285F809446F4678B4B1B46F /* MaterialCommunityIcons.ttf in Resources */,
				591F7881A17A4DC4AA27C9F2 /* MaterialIcons.ttf in Resources */,
				C120E7A51F5024BA0098ACFF /* Roboto-Light.ttf in Resources */,
				07F18EFCE1524B4C8CB30992 /* Octicons.ttf in Resources */,
				C120E7A71F5024BA0098ACFF /* Roboto-Regular.ttf in Resources */,
				3C0EEC8E2B6F460480FB503E /* SimpleLineIcons.ttf in Resources */,
				C120E7A41F5024BA0098ACFF /* Roboto-Bold.ttf in Resources */,
				B2B67D5817C24C56811F63EF /* Zocial.ttf in Resources */,
				B86A12E83FDB4823AA139AE8 /* Entypo.ttf in Resources */,
				4F473583CFCF482FBD16E9E4 /* EvilIcons.ttf in Resources */,
				2BBF6258243D4E94BBD1B3EE /* FontAwesome.ttf in Resources */,
				6CECB8498FDB41A39A7DA798 /* Foundation.ttf in Resources */,
				81C5D48E4A3E4783BE25BF79 /* Ionicons.ttf in Resources */,
				5001A6B561F947C0A3C819D4 /* MaterialCommunityIcons.ttf in Resources */,
				76A876A852B3411D8C1F716B /* MaterialIcons.ttf in Resources */,
				08AEFBB1739844ABB51016C6 /* Octicons.ttf in Resources */,
				DE8D352B60C24A36B18CC7A1 /* SimpleLineIcons.ttf in Resources */,
				E2F065CFFC5240B399B72611 /* Zocial.ttf in Resources */,
			);
			runOnlyForDeploymentPostprocessing = 0;
		};
/* End PBXResourcesBuildPhase section */

/* Begin PBXShellScriptBuildPhase section */
		00DD1BFF1BD5951E006B06BC /* Bundle React Native code and images */ = {
			isa = PBXShellScriptBuildPhase;
			buildActionMask = 2147483647;
			files = (
			);
			inputPaths = (
			);
			name = "Bundle React Native code and images";
			outputPaths = (
			);
			runOnlyForDeploymentPostprocessing = 0;
			shellPath = /bin/sh;
			shellScript = "export NODE_BINARY=node\n../node_modules/react-native/scripts/react-native-xcode.sh";
		};
		13DEC4CCA88767A342CC174B /* [CP] Embed Pods Frameworks */ = {
			isa = PBXShellScriptBuildPhase;
			buildActionMask = 2147483647;
			files = (
			);
			inputPaths = (
			);
			name = "[CP] Embed Pods Frameworks";
			outputPaths = (
			);
			runOnlyForDeploymentPostprocessing = 0;
			shellPath = /bin/sh;
			shellScript = "\"${SRCROOT}/Pods/Target Support Files/Pods-SponBtv/Pods-SponBtv-frameworks.sh\"\n";
			showEnvVarsInLog = 0;
		};
		4612F40080E95E20E2689897 /* [CP] Check Pods Manifest.lock */ = {
			isa = PBXShellScriptBuildPhase;
			buildActionMask = 2147483647;
			files = (
			);
			inputPaths = (
			);
			name = "[CP] Check Pods Manifest.lock";
			outputPaths = (
			);
			runOnlyForDeploymentPostprocessing = 0;
			shellPath = /bin/sh;
			shellScript = "diff \"${PODS_PODFILE_DIR_PATH}/Podfile.lock\" \"${PODS_ROOT}/Manifest.lock\" > /dev/null\nif [ $? != 0 ] ; then\n    # print error to STDERR\n    echo \"error: The sandbox is not in sync with the Podfile.lock. Run 'pod install' or update your CocoaPods installation.\" >&2\n    exit 1\nfi\n";
			showEnvVarsInLog = 0;
		};
		EF52B9465CFCA2E00979B21F /* [CP] Copy Pods Resources */ = {
			isa = PBXShellScriptBuildPhase;
			buildActionMask = 2147483647;
			files = (
			);
			inputPaths = (
			);
			name = "[CP] Copy Pods Resources";
			outputPaths = (
			);
			runOnlyForDeploymentPostprocessing = 0;
			shellPath = /bin/sh;
			shellScript = "\"${SRCROOT}/Pods/Target Support Files/Pods-SponBtv/Pods-SponBtv-resources.sh\"\n";
			showEnvVarsInLog = 0;
		};
/* End PBXShellScriptBuildPhase section */

/* Begin PBXSourcesBuildPhase section */
		13B07F871A680F5B00A75B9A /* Sources */ = {
			isa = PBXSourcesBuildPhase;
			buildActionMask = 2147483647;
			files = (
				13B07FBC1A68108700A75B9A /* AppDelegate.m in Sources */,
				13B07FC11A68108700A75B9A /* main.m in Sources */,
			);
			runOnlyForDeploymentPostprocessing = 0;
		};
/* End PBXSourcesBuildPhase section */

/* Begin PBXVariantGroup section */
		13B07FB11A68108700A75B9A /* LaunchScreen.xib */ = {
			isa = PBXVariantGroup;
			children = (
				13B07FB21A68108700A75B9A /* Base */,
				C1422FDF1F7B98730064A506 /* ja */,
				C1422FE01F7B98AE0064A506 /* ko */,
			);
			name = LaunchScreen.xib;
			path = SponBtv;
			sourceTree = "<group>";
		};
/* End PBXVariantGroup section */

/* Begin XCBuildConfiguration section */
		13B07F941A680F5B00A75B9A /* Debug */ = {
			isa = XCBuildConfiguration;
			baseConfigurationReference = D8A5816B8ED4C63F84A55CCA /* Pods-SponBtv.debug.xcconfig */;
			buildSettings = {
				ASSETCATALOG_COMPILER_APPICON_NAME = AppIcon;
				CODE_SIGN_IDENTITY = "iPhone Developer";
				"CODE_SIGN_IDENTITY[sdk=iphoneos*]" = "iPhone Developer";
				CURRENT_PROJECT_VERSION = 1;
				DEAD_CODE_STRIPPING = NO;
				DEVELOPMENT_TEAM = P456V25ZDN;
				ENABLE_BITCODE = NO;
				FRAMEWORK_SEARCH_PATHS = (
					"$(inherited)",
					"$(PROJECT_DIR)",
				);
				HEADER_SEARCH_PATHS = (
					"$(inherited)",
					"$(SRCROOT)/../node_modules/react-native-vector-icons/RNVectorIconsManager",
					"$(SRCROOT)/../node_modules/react-native-webrtc/ios/RCTWebRTC/**",
					"$(SRCROOT)/../node_modules/react-native-localization",
					"$(SRCROOT)/../node_modules/react-native/React/**",
					"$(SRCROOT)/../node_modules/react-native-default-preference/ios",
					"$(SRCROOT)/../node_modules/react-native-linear-gradient/BVLinearGradient",
					"$(SRCROOT)/../node_modules/react-native-blur/ios",
					"$(SRCROOT)/../node_modules/react-native-sound/RNSound",
					"$(SRCROOT)/../node_modules/react-native-keep-awake/ios",
					"$(SRCROOT)/../node_modules/@remobile/react-native-video/ios/RCTVideo",
					"$(SRCROOT)/../node_modules/react-native-keyboardevents",
					"$(SRCROOT)/../node_modules/react-native-in-app-utils/InAppUtils",
					"$(SRCROOT)/../node_modules/react-native-keyboardevents",
				);
				INFOPLIST_FILE = SponBtv/Info.plist;
				IPHONEOS_DEPLOYMENT_TARGET = 8.0;
				LD_RUNPATH_SEARCH_PATHS = "$(inherited) @executable_path/Frameworks";
				LIBRARY_SEARCH_PATHS = (
					"$(inherited)",
					"\"$(SRCROOT)/SponBtv\"",
					"$(PROJECT_DIR)/build/Debug-iphoneos",
					"$(SRCROOT)/../node_modules/react-native-webrtc/ios/**",
					"\"$(SRCROOT)/SponBtv\"",
					"\"$(SRCROOT)/SponBtv\"",
					"\"$(SRCROOT)/SponBtv\"",
					"\"$(SRCROOT)/SponBtv\"",
					"\"$(SRCROOT)/SponBtv\"",
					"\"$(SRCROOT)/SponBtv\"",
					"\"$(SRCROOT)/SponBtv\"",
					"\"$(SRCROOT)/SponBtv\"",
				);
				OTHER_CPLUSPLUSFLAGS = "";
				OTHER_LDFLAGS = (
					"$(inherited)",
					"-ObjC",
					"-lc++",
				);
				PRODUCT_BUNDLE_IDENTIFIER = com.sponb.sponbtv;
				PRODUCT_NAME = SponBtv;
				PROVISIONING_PROFILE = "";
				PROVISIONING_PROFILE_SPECIFIER = "";
				VERSIONING_SYSTEM = "apple-generic";
			};
			name = Debug;
		};
		13B07F951A680F5B00A75B9A /* Release */ = {
			isa = XCBuildConfiguration;
			baseConfigurationReference = 4A917CE1E2ABB8C012A67472 /* Pods-SponBtv.release.xcconfig */;
			buildSettings = {
				ASSETCATALOG_COMPILER_APPICON_NAME = AppIcon;
				CODE_SIGN_IDENTITY = "iPhone Distribution";
				"CODE_SIGN_IDENTITY[sdk=iphoneos*]" = "iPhone Developer";
				CURRENT_PROJECT_VERSION = 1;
				DEAD_CODE_STRIPPING = NO;
				DEVELOPMENT_TEAM = P456V25ZDN;
				ENABLE_BITCODE = NO;
				FRAMEWORK_SEARCH_PATHS = (
					"$(inherited)",
					"$(PROJECT_DIR)",
				);
				HEADER_SEARCH_PATHS = (
					"$(inherited)",
					"$(SRCROOT)/../node_modules/react-native-vector-icons/RNVectorIconsManager",
					"$(SRCROOT)/../node_modules/react-native-webrtc/ios/RCTWebRTC/**",
					"$(SRCROOT)/../node_modules/react-native-localization",
					"$(SRCROOT)/../node_modules/react-native/React/**",
					"$(SRCROOT)/../node_modules/react-native-default-preference/ios",
					"$(SRCROOT)/../node_modules/react-native-linear-gradient/BVLinearGradient",
					"$(SRCROOT)/../node_modules/react-native-blur/ios",
					"$(SRCROOT)/../node_modules/react-native-sound/RNSound",
					"$(SRCROOT)/../node_modules/react-native-keep-awake/ios",
					"$(SRCROOT)/../node_modules/@remobile/react-native-video/ios/RCTVideo",
					"$(SRCROOT)/../node_modules/react-native-keyboardevents",
					"$(SRCROOT)/../node_modules/react-native-in-app-utils/InAppUtils",
					"$(SRCROOT)/../node_modules/react-native-keyboardevents",
				);
				INFOPLIST_FILE = SponBtv/Info.plist;
				IPHONEOS_DEPLOYMENT_TARGET = 8.0;
				LD_RUNPATH_SEARCH_PATHS = "$(inherited) @executable_path/Frameworks";
				LIBRARY_SEARCH_PATHS = (
					"$(inherited)",
					"\"$(SRCROOT)/SponBtv\"",
					"$(PROJECT_DIR)/build/Debug-iphoneos",
					"$(SRCROOT)/../node_modules/react-native-webrtc/ios/**",
					"\"$(SRCROOT)/SponBtv\"",
					"\"$(SRCROOT)/SponBtv\"",
					"\"$(SRCROOT)/SponBtv\"",
					"\"$(SRCROOT)/SponBtv\"",
					"\"$(SRCROOT)/SponBtv\"",
					"\"$(SRCROOT)/SponBtv\"",
					"\"$(SRCROOT)/SponBtv\"",
					"\"$(SRCROOT)/SponBtv\"",
				);
				OTHER_CPLUSPLUSFLAGS = "";
				OTHER_LDFLAGS = (
					"$(inherited)",
					"-ObjC",
					"-lc++",
				);
				PRODUCT_BUNDLE_IDENTIFIER = com.sponb.sponbtv;
				PRODUCT_NAME = SponBtv;
				PROVISIONING_PROFILE = "";
				PROVISIONING_PROFILE_SPECIFIER = "";
				VERSIONING_SYSTEM = "apple-generic";
			};
			name = Release;
		};
		83CBBA201A601CBA00E9B192 /* Debug */ = {
			isa = XCBuildConfiguration;
			buildSettings = {
				ALWAYS_SEARCH_USER_PATHS = NO;
				CLANG_ANALYZER_LOCALIZABILITY_NONLOCALIZED = YES;
				CLANG_CXX_LANGUAGE_STANDARD = "gnu++0x";
				CLANG_CXX_LIBRARY = "libc++";
				CLANG_ENABLE_MODULES = YES;
				CLANG_ENABLE_OBJC_ARC = YES;
				CLANG_WARN_BOOL_CONVERSION = YES;
				CLANG_WARN_CONSTANT_CONVERSION = YES;
				CLANG_WARN_DIRECT_OBJC_ISA_USAGE = YES_ERROR;
				CLANG_WARN_EMPTY_BODY = YES;
				CLANG_WARN_ENUM_CONVERSION = YES;
				CLANG_WARN_INFINITE_RECURSION = YES;
				CLANG_WARN_INT_CONVERSION = YES;
				CLANG_WARN_OBJC_ROOT_CLASS = YES_ERROR;
				CLANG_WARN_SUSPICIOUS_MOVE = YES;
				CLANG_WARN_UNREACHABLE_CODE = YES;
				CLANG_WARN__DUPLICATE_METHOD_MATCH = YES;
				"CODE_SIGN_IDENTITY[sdk=iphoneos*]" = "iPhone Developer";
				COPY_PHASE_STRIP = NO;
				ENABLE_STRICT_OBJC_MSGSEND = YES;
				ENABLE_TESTABILITY = YES;
				GCC_C_LANGUAGE_STANDARD = gnu99;
				GCC_DYNAMIC_NO_PIC = NO;
				GCC_NO_COMMON_BLOCKS = YES;
				GCC_OPTIMIZATION_LEVEL = 0;
				GCC_PREPROCESSOR_DEFINITIONS = (
					"DEBUG=1",
					"$(inherited)",
				);
				GCC_SYMBOLS_PRIVATE_EXTERN = NO;
				GCC_WARN_64_TO_32_BIT_CONVERSION = YES;
				GCC_WARN_ABOUT_RETURN_TYPE = YES_ERROR;
				GCC_WARN_UNDECLARED_SELECTOR = YES;
				GCC_WARN_UNINITIALIZED_AUTOS = YES_AGGRESSIVE;
				GCC_WARN_UNUSED_FUNCTION = YES;
				GCC_WARN_UNUSED_VARIABLE = YES;
				IPHONEOS_DEPLOYMENT_TARGET = 8.0;
				MTL_ENABLE_DEBUG_INFO = YES;
				ONLY_ACTIVE_ARCH = YES;
				SDKROOT = iphoneos;
			};
			name = Debug;
		};
		83CBBA211A601CBA00E9B192 /* Release */ = {
			isa = XCBuildConfiguration;
			buildSettings = {
				ALWAYS_SEARCH_USER_PATHS = NO;
				CLANG_ANALYZER_LOCALIZABILITY_NONLOCALIZED = YES;
				CLANG_CXX_LANGUAGE_STANDARD = "gnu++0x";
				CLANG_CXX_LIBRARY = "libc++";
				CLANG_ENABLE_MODULES = YES;
				CLANG_ENABLE_OBJC_ARC = YES;
				CLANG_WARN_BOOL_CONVERSION = YES;
				CLANG_WARN_CONSTANT_CONVERSION = YES;
				CLANG_WARN_DIRECT_OBJC_ISA_USAGE = YES_ERROR;
				CLANG_WARN_EMPTY_BODY = YES;
				CLANG_WARN_ENUM_CONVERSION = YES;
				CLANG_WARN_INFINITE_RECURSION = YES;
				CLANG_WARN_INT_CONVERSION = YES;
				CLANG_WARN_OBJC_ROOT_CLASS = YES_ERROR;
				CLANG_WARN_SUSPICIOUS_MOVE = YES;
				CLANG_WARN_UNREACHABLE_CODE = YES;
				CLANG_WARN__DUPLICATE_METHOD_MATCH = YES;
				"CODE_SIGN_IDENTITY[sdk=iphoneos*]" = "iPhone Developer";
				COPY_PHASE_STRIP = YES;
				ENABLE_NS_ASSERTIONS = NO;
				ENABLE_STRICT_OBJC_MSGSEND = YES;
				GCC_C_LANGUAGE_STANDARD = gnu99;
				GCC_NO_COMMON_BLOCKS = YES;
				GCC_WARN_64_TO_32_BIT_CONVERSION = YES;
				GCC_WARN_ABOUT_RETURN_TYPE = YES_ERROR;
				GCC_WARN_UNDECLARED_SELECTOR = YES;
				GCC_WARN_UNINITIALIZED_AUTOS = YES_AGGRESSIVE;
				GCC_WARN_UNUSED_FUNCTION = YES;
				GCC_WARN_UNUSED_VARIABLE = YES;
				IPHONEOS_DEPLOYMENT_TARGET = 8.0;
				MTL_ENABLE_DEBUG_INFO = NO;
				SDKROOT = iphoneos;
				VALIDATE_PRODUCT = YES;
			};
			name = Release;
		};
		C1445C6C1F498DBF005D492F /* Staging */ = {
			isa = XCBuildConfiguration;
			buildSettings = {
				ALWAYS_SEARCH_USER_PATHS = NO;
				CLANG_ANALYZER_LOCALIZABILITY_NONLOCALIZED = YES;
				CLANG_CXX_LANGUAGE_STANDARD = "gnu++0x";
				CLANG_CXX_LIBRARY = "libc++";
				CLANG_ENABLE_MODULES = YES;
				CLANG_ENABLE_OBJC_ARC = YES;
				CLANG_WARN_BOOL_CONVERSION = YES;
				CLANG_WARN_CONSTANT_CONVERSION = YES;
				CLANG_WARN_DIRECT_OBJC_ISA_USAGE = YES_ERROR;
				CLANG_WARN_EMPTY_BODY = YES;
				CLANG_WARN_ENUM_CONVERSION = YES;
				CLANG_WARN_INFINITE_RECURSION = YES;
				CLANG_WARN_INT_CONVERSION = YES;
				CLANG_WARN_OBJC_ROOT_CLASS = YES_ERROR;
				CLANG_WARN_SUSPICIOUS_MOVE = YES;
				CLANG_WARN_UNREACHABLE_CODE = YES;
				CLANG_WARN__DUPLICATE_METHOD_MATCH = YES;
				"CODE_SIGN_IDENTITY[sdk=iphoneos*]" = "iPhone Developer";
				COPY_PHASE_STRIP = YES;
				ENABLE_NS_ASSERTIONS = NO;
				ENABLE_STRICT_OBJC_MSGSEND = YES;
				GCC_C_LANGUAGE_STANDARD = gnu99;
				GCC_NO_COMMON_BLOCKS = YES;
				GCC_WARN_64_TO_32_BIT_CONVERSION = YES;
				GCC_WARN_ABOUT_RETURN_TYPE = YES_ERROR;
				GCC_WARN_UNDECLARED_SELECTOR = YES;
				GCC_WARN_UNINITIALIZED_AUTOS = YES_AGGRESSIVE;
				GCC_WARN_UNUSED_FUNCTION = YES;
				GCC_WARN_UNUSED_VARIABLE = YES;
				IPHONEOS_DEPLOYMENT_TARGET = 8.0;
				MTL_ENABLE_DEBUG_INFO = NO;
				SDKROOT = iphoneos;
				VALIDATE_PRODUCT = YES;
			};
			name = Staging;
		};
		C1445C6D1F498DBF005D492F /* Staging */ = {
			isa = XCBuildConfiguration;
			baseConfigurationReference = 4A917CE1E2ABB8C012A67472 /* Pods-SponBtv.release.xcconfig */;
			buildSettings = {
				ASSETCATALOG_COMPILER_APPICON_NAME = AppIcon;
				CODE_SIGN_IDENTITY = "";
				"CODE_SIGN_IDENTITY[sdk=iphoneos*]" = "iPhone Developer";
				CURRENT_PROJECT_VERSION = 1;
				DEAD_CODE_STRIPPING = NO;
				DEVELOPMENT_TEAM = P456V25ZDN;
				ENABLE_BITCODE = NO;
				FRAMEWORK_SEARCH_PATHS = (
					"$(inherited)",
					"$(PROJECT_DIR)",
				);
				HEADER_SEARCH_PATHS = (
					"$(inherited)",
					"$(SRCROOT)/../node_modules/react-native-vector-icons/RNVectorIconsManager",
					"$(SRCROOT)/../node_modules/react-native-webrtc/ios/RCTWebRTC/**",
					"$(SRCROOT)/../node_modules/react-native-localization",
					"$(SRCROOT)/../node_modules/react-native/React/**",
					"$(SRCROOT)/../node_modules/react-native-default-preference/ios",
					"$(SRCROOT)/../node_modules/react-native-linear-gradient/BVLinearGradient",
					"$(SRCROOT)/../node_modules/react-native-blur/ios",
					"$(SRCROOT)/../node_modules/react-native-sound/RNSound",
					"$(SRCROOT)/../node_modules/react-native-keep-awake/ios",
					"$(SRCROOT)/../node_modules/@remobile/react-native-video/ios/RCTVideo",
					"$(SRCROOT)/../node_modules/react-native-keyboardevents",
					"$(SRCROOT)/../node_modules/react-native-in-app-utils/InAppUtils",
					"$(SRCROOT)/../node_modules/react-native-keyboardevents",
				);
				INFOPLIST_FILE = SponBtv/Info.plist;
				IPHONEOS_DEPLOYMENT_TARGET = 8.0;
				LD_RUNPATH_SEARCH_PATHS = "$(inherited) @executable_path/Frameworks";
				LIBRARY_SEARCH_PATHS = (
					"$(inherited)",
					"\"$(SRCROOT)/SponBtv\"",
					"$(PROJECT_DIR)/build/Debug-iphoneos",
					"$(SRCROOT)/../node_modules/react-native-webrtc/ios/**",
					"\"$(SRCROOT)/SponBtv\"",
					"\"$(SRCROOT)/SponBtv\"",
					"\"$(SRCROOT)/SponBtv\"",
					"\"$(SRCROOT)/SponBtv\"",
					"\"$(SRCROOT)/SponBtv\"",
					"\"$(SRCROOT)/SponBtv\"",
					"\"$(SRCROOT)/SponBtv\"",
					"\"$(SRCROOT)/SponBtv\"",
				);
				OTHER_CPLUSPLUSFLAGS = "";
				OTHER_LDFLAGS = (
					"$(inherited)",
					"-ObjC",
					"-lc++",
				);
				PRODUCT_BUNDLE_IDENTIFIER = com.sponb.sponbtv;
				PRODUCT_NAME = SponBtv;
				PROVISIONING_PROFILE_SPECIFIER = "";
				VERSIONING_SYSTEM = "apple-generic";
			};
			name = Staging;
		};
/* End XCBuildConfiguration section */

/* Begin XCConfigurationList section */
		13B07F931A680F5B00A75B9A /* Build configuration list for PBXNativeTarget "SponBtv" */ = {
			isa = XCConfigurationList;
			buildConfigurations = (
				13B07F941A680F5B00A75B9A /* Debug */,
				13B07F951A680F5B00A75B9A /* Release */,
				C1445C6D1F498DBF005D492F /* Staging */,
			);
			defaultConfigurationIsVisible = 0;
			defaultConfigurationName = Release;
		};
		83CBB9FA1A601CBA00E9B192 /* Build configuration list for PBXProject "SponBtv" */ = {
			isa = XCConfigurationList;
			buildConfigurations = (
				83CBBA201A601CBA00E9B192 /* Debug */,
				83CBBA211A601CBA00E9B192 /* Release */,
				C1445C6C1F498DBF005D492F /* Staging */,
			);
			defaultConfigurationIsVisible = 0;
			defaultConfigurationName = Release;
		};
/* End XCConfigurationList section */
	};
	rootObject = 83CBB9F71A601CBA00E9B192 /* Project object */;
}
